{
  "version": 4,
  "terraform_version": "1.0.3",
  "serial": 66,
  "lineage": "f0c3abed-69db-db0d-ff36-543809d19176",
  "outputs": {
    "cluster_endpoint": {
      "value": "https://83EF0084CE2F3C17FC4CF6A280A78B5C.sk1.eu-west-1.eks.amazonaws.com",
      "type": "string"
    },
    "cluster_id": {
      "value": "eks-PfAufQKz",
      "type": "string"
    },
    "cluster_name": {
      "value": "eks-PfAufQKz",
      "type": "string"
    },
    "cluster_security_group_id": {
      "value": "sg-063ef015b30b5a1fb",
      "type": "string"
    },
    "config_map_aws_auth": {
      "value": [
        {
          "binary_data": {},
          "data": {
            "mapAccounts": "[]\n",
            "mapRoles": "- \"groups\":\n  - \"system:bootstrappers\"\n  - \"system:nodes\"\n  \"rolearn\": \"arn:aws:iam::935819310842:role/eks-PfAufQKz20210723213001170400000006\"\n  \"username\": \"system:node:{{EC2PrivateDNSName}}\"\n",
            "mapUsers": "[]\n"
          },
          "id": "kube-system/aws-auth",
          "metadata": [
            {
              "annotations": {},
              "generate_name": "",
              "generation": 0,
              "labels": {
                "app.kubernetes.io/managed-by": "Terraform",
                "terraform.io/module": "terraform-aws-modules.eks.aws"
              },
              "name": "aws-auth",
              "namespace": "kube-system",
              "resource_version": "755",
              "uid": "ce954eef-e199-4ea5-b347-3fa0ece02897"
            }
          ]
        }
      ],
      "type": [
        "tuple",
        [
          [
            "object",
            {
              "binary_data": [
                "map",
                "string"
              ],
              "data": [
                "map",
                "string"
              ],
              "id": "string",
              "metadata": [
                "list",
                [
                  "object",
                  {
                    "annotations": [
                      "map",
                      "string"
                    ],
                    "generate_name": "string",
                    "generation": "number",
                    "labels": [
                      "map",
                      "string"
                    ],
                    "name": "string",
                    "namespace": "string",
                    "resource_version": "string",
                    "uid": "string"
                  }
                ]
              ]
            }
          ]
        ]
      ]
    },
    "kubectl_config": {
      "value": "apiVersion: v1\npreferences: {}\nkind: Config\n\nclusters:\n- cluster:\n    server: https://83EF0084CE2F3C17FC4CF6A280A78B5C.sk1.eu-west-1.eks.amazonaws.com\n    certificate-authority-data: LS0tLS1CRUdJTiBDRVJUSUZJQ0FURS0tLS0tCk1JSUM1ekNDQWMrZ0F3SUJBZ0lCQURBTkJna3Foa2lHOXcwQkFRc0ZBREFWTVJNd0VRWURWUVFERXdwcmRXSmwKY201bGRHVnpNQjRYRFRJeE1EY3lNekl4TWpVd09Gb1hEVE14TURjeU1USXhNalV3T0Zvd0ZURVRNQkVHQTFVRQpBeE1LYTNWaVpYSnVaWFJsY3pDQ0FTSXdEUVlKS29aSWh2Y05BUUVCQlFBRGdnRVBBRENDQVFvQ2dnRUJBTGtqCkZmbHl0N2YxNUJ1UHQxTHVzUFlKMThBN0x5TzN0OXZnUS9TaVBJK1Y3OFlOUERkb25oNkpkN1JiTk8xcXk1SGgKcFZjeUV5VVJLV0YyYWZKOUZ4TVgxQjlNMytQd2lYaFhiNXdFeUg5QmF1T3ZhNFRCNmYvdzJSZ3dZd1Bsam9LWQpsRDJXUHZUVFhUR3ZGNGVYN2F2Si8vOTZJbThKbU1tZ1hRZTExVGhrZjZ6M2NuQjJzRkozYjBBVVFGazUzaUhzCktiK3JWckpkdkpLdVM4WDJFaURDY0gxZFhZN211SktsZk5hUktXMzQ5S3cwdjFYdEVJam42akVnVkJiMjEwNEsKMkxvK0cvbDMrSnZPVFp6S3RCaU5HMWsxZnJyTEthRk9nTHNxNHZNNTNGQXk5WXpaWmtrS1psa1NpMURDQXZqRQpUV1ZiTzZzajlhMS9VL29SWHprQ0F3RUFBYU5DTUVBd0RnWURWUjBQQVFIL0JBUURBZ0trTUE4R0ExVWRFd0VCCi93UUZNQU1CQWY4d0hRWURWUjBPQkJZRUZBUHNwS2k0VkFzUVlrU3BNbmVDb29nV2ZTaGdNQTBHQ1NxR1NJYjMKRFFFQkN3VUFBNElCQVFCa0JSUW9OeWJ1M2ZpWlRxQWFVeEN5eFpNYmExK2JhQm5MWVdqWXU5aUNVMGE1ZnlzZQpmRHhTYnpZakhtY2JmV1dvdFV2a04wcDZEaXBRRE4vQkNCYll1SkxabHBzeGRRL2JpUE5USm1wR2lvbUtPU0N1Cm1GTzNUYWVXTTl0SmRENnNwRHFObDBoeWIxTTFiekVsdFFqYyt0b2NoSUpVOFJJY3AwcmcxOUhQbTdoc3FCVDgKb1hrU0swZmhMeVlnaC9ZaWszTmUrVW80cU45azV5VE11aWJpOVJZVkxYSXRTclM5SWNHeWtVV0t2T3NhcW5vZAp4ZWxub2tTY2R6Rlh1Z2tGcDdTdnpDazJ0eTNDaTV3cWhoT0NZWXVCWE45RTBUUTJPWUhpMG8rVHUvOXpweVc4ClRtU2hrS2ZLUk9wQkVkRm95V3ZIQ2VUc3dmM2x5SnFla0xMZgotLS0tLUVORCBDRVJUSUZJQ0FURS0tLS0tCg==\n  name: eks_eks-PfAufQKz\n\ncontexts:\n- context:\n    cluster: eks_eks-PfAufQKz\n    user: eks_eks-PfAufQKz\n  name: eks_eks-PfAufQKz\n\ncurrent-context: eks_eks-PfAufQKz\n\nusers:\n- name: eks_eks-PfAufQKz\n  user:\n    exec:\n      apiVersion: client.authentication.k8s.io/v1alpha1\n      command: aws-iam-authenticator\n      args:\n        - \"token\"\n        - \"-i\"\n        - \"eks-PfAufQKz\"\n",
      "type": "string"
    },
    "region": {
      "value": "eu-west-1",
      "type": "string"
    }
  },
  "resources": [
    {
      "mode": "data",
      "type": "aws_availability_zones",
      "name": "available",
      "provider": "provider[\"registry.terraform.io/hashicorp/aws\"]",
      "instances": [
        {
          "schema_version": 0,
          "attributes": {
            "all_availability_zones": null,
            "exclude_names": null,
            "exclude_zone_ids": null,
            "filter": null,
            "group_names": [
              "eu-west-1"
            ],
            "id": "eu-west-1",
            "names": [
              "eu-west-1a",
              "eu-west-1b",
              "eu-west-1c"
            ],
            "state": null,
            "zone_ids": [
              "euw1-az2",
              "euw1-az3",
              "euw1-az1"
            ]
          },
          "sensitive_attributes": []
        }
      ]
    },
    {
      "mode": "data",
      "type": "aws_eks_cluster",
      "name": "cluster",
      "provider": "provider[\"registry.terraform.io/hashicorp/aws\"]",
      "instances": [
        {
          "schema_version": 0,
          "attributes": {
            "arn": "arn:aws:eks:eu-west-1:935819310842:cluster/eks-PfAufQKz",
            "certificate_authority": [
              {
                "data": "LS0tLS1CRUdJTiBDRVJUSUZJQ0FURS0tLS0tCk1JSUM1ekNDQWMrZ0F3SUJBZ0lCQURBTkJna3Foa2lHOXcwQkFRc0ZBREFWTVJNd0VRWURWUVFERXdwcmRXSmwKY201bGRHVnpNQjRYRFRJeE1EY3lNekl4TWpVd09Gb1hEVE14TURjeU1USXhNalV3T0Zvd0ZURVRNQkVHQTFVRQpBeE1LYTNWaVpYSnVaWFJsY3pDQ0FTSXdEUVlKS29aSWh2Y05BUUVCQlFBRGdnRVBBRENDQVFvQ2dnRUJBTGtqCkZmbHl0N2YxNUJ1UHQxTHVzUFlKMThBN0x5TzN0OXZnUS9TaVBJK1Y3OFlOUERkb25oNkpkN1JiTk8xcXk1SGgKcFZjeUV5VVJLV0YyYWZKOUZ4TVgxQjlNMytQd2lYaFhiNXdFeUg5QmF1T3ZhNFRCNmYvdzJSZ3dZd1Bsam9LWQpsRDJXUHZUVFhUR3ZGNGVYN2F2Si8vOTZJbThKbU1tZ1hRZTExVGhrZjZ6M2NuQjJzRkozYjBBVVFGazUzaUhzCktiK3JWckpkdkpLdVM4WDJFaURDY0gxZFhZN211SktsZk5hUktXMzQ5S3cwdjFYdEVJam42akVnVkJiMjEwNEsKMkxvK0cvbDMrSnZPVFp6S3RCaU5HMWsxZnJyTEthRk9nTHNxNHZNNTNGQXk5WXpaWmtrS1psa1NpMURDQXZqRQpUV1ZiTzZzajlhMS9VL29SWHprQ0F3RUFBYU5DTUVBd0RnWURWUjBQQVFIL0JBUURBZ0trTUE4R0ExVWRFd0VCCi93UUZNQU1CQWY4d0hRWURWUjBPQkJZRUZBUHNwS2k0VkFzUVlrU3BNbmVDb29nV2ZTaGdNQTBHQ1NxR1NJYjMKRFFFQkN3VUFBNElCQVFCa0JSUW9OeWJ1M2ZpWlRxQWFVeEN5eFpNYmExK2JhQm5MWVdqWXU5aUNVMGE1ZnlzZQpmRHhTYnpZakhtY2JmV1dvdFV2a04wcDZEaXBRRE4vQkNCYll1SkxabHBzeGRRL2JpUE5USm1wR2lvbUtPU0N1Cm1GTzNUYWVXTTl0SmRENnNwRHFObDBoeWIxTTFiekVsdFFqYyt0b2NoSUpVOFJJY3AwcmcxOUhQbTdoc3FCVDgKb1hrU0swZmhMeVlnaC9ZaWszTmUrVW80cU45azV5VE11aWJpOVJZVkxYSXRTclM5SWNHeWtVV0t2T3NhcW5vZAp4ZWxub2tTY2R6Rlh1Z2tGcDdTdnpDazJ0eTNDaTV3cWhoT0NZWXVCWE45RTBUUTJPWUhpMG8rVHUvOXpweVc4ClRtU2hrS2ZLUk9wQkVkRm95V3ZIQ2VUc3dmM2x5SnFla0xMZgotLS0tLUVORCBDRVJUSUZJQ0FURS0tLS0tCg=="
              }
            ],
            "created_at": "2021-07-23 21:19:39.162 +0000 UTC",
            "enabled_cluster_log_types": [],
            "endpoint": "https://83EF0084CE2F3C17FC4CF6A280A78B5C.sk1.eu-west-1.eks.amazonaws.com",
            "id": "eks-PfAufQKz",
            "identity": [
              {
                "oidc": [
                  {
                    "issuer": "https://oidc.eks.eu-west-1.amazonaws.com/id/83EF0084CE2F3C17FC4CF6A280A78B5C"
                  }
                ]
              }
            ],
            "kubernetes_network_config": [
              {
                "service_ipv4_cidr": "172.20.0.0/16"
              }
            ],
            "name": "eks-PfAufQKz",
            "platform_version": "eks.2",
            "role_arn": "arn:aws:iam::935819310842:role/eks-PfAufQKz20210723211114743300000002",
            "status": "ACTIVE",
            "tags": {
              "Environment": "training",
              "GithubOrg": "terraform-aws-modules",
              "GithubRepo": "terraform-aws-eks"
            },
            "version": "1.20",
            "vpc_config": [
              {
                "cluster_security_group_id": "sg-0bf191c2a70a041f0",
                "endpoint_private_access": false,
                "endpoint_public_access": true,
                "public_access_cidrs": [
                  "0.0.0.0/0"
                ],
                "security_group_ids": [
                  "sg-063ef015b30b5a1fb"
                ],
                "subnet_ids": [
                  "subnet-009f9500b6c17c81d",
                  "subnet-04ab249d1e6d3a2b0",
                  "subnet-05d7239077d230354"
                ],
                "vpc_id": "vpc-0dda482ede19ecfb4"
              }
            ]
          },
          "sensitive_attributes": []
        }
      ]
    },
    {
      "mode": "data",
      "type": "aws_eks_cluster_auth",
      "name": "cluster",
      "provider": "provider[\"registry.terraform.io/hashicorp/aws\"]",
      "instances": [
        {
          "schema_version": 0,
          "attributes": {
            "id": "eks-PfAufQKz",
            "name": "eks-PfAufQKz",
            "token": "k8s-aws-v1.aHR0cHM6Ly9zdHMuYW1hem9uYXdzLmNvbS8_QWN0aW9uPUdldENhbGxlcklkZW50aXR5JlZlcnNpb249MjAxMS0wNi0xNSZYLUFtei1BbGdvcml0aG09QVdTNC1ITUFDLVNIQTI1NiZYLUFtei1DcmVkZW50aWFsPUFLSUE1VFlaTk8zNUlLQ0pKUFdJJTJGMjAyMTA3MjQlMkZ1cy1lYXN0LTElMkZzdHMlMkZhd3M0X3JlcXVlc3QmWC1BbXotRGF0ZT0yMDIxMDcyNFQxMTMyMjFaJlgtQW16LUV4cGlyZXM9MCZYLUFtei1TaWduZWRIZWFkZXJzPWhvc3QlM0J4LWs4cy1hd3MtaWQmWC1BbXotU2lnbmF0dXJlPWQ2YmRmNGE5NjgxNTg0NDZjZTMzMmUyYzc3M2VlZDI5ZmVmMmNkMDQ3ZTM5ZTdjMzZmZGI4YWNmZDhiODIwYTc"
          },
          "sensitive_attributes": []
        }
      ]
    },
    {
      "mode": "managed",
      "type": "aws_security_group",
      "name": "all_worker_mgmt",
      "provider": "provider[\"registry.terraform.io/hashicorp/aws\"]",
      "instances": [
        {
          "schema_version": 1,
          "attributes": {
            "arn": "arn:aws:ec2:eu-west-1:935819310842:security-group/sg-09e2e728152c48137",
            "description": "Managed by Terraform",
            "egress": [],
            "id": "sg-09e2e728152c48137",
            "ingress": [
              {
                "cidr_blocks": [
                  "10.0.0.0/8",
                  "172.16.0.0/12",
                  "192.168.0.0/16"
                ],
                "description": "",
                "from_port": 22,
                "ipv6_cidr_blocks": [],
                "prefix_list_ids": [],
                "protocol": "tcp",
                "security_groups": [],
                "self": false,
                "to_port": 22
              }
            ],
            "name": "all_worker_management20210723211829118600000002",
            "name_prefix": "all_worker_management",
            "owner_id": "935819310842",
            "revoke_rules_on_delete": false,
            "tags": {},
            "tags_all": {},
            "timeouts": null,
            "vpc_id": "vpc-0dda482ede19ecfb4"
          },
          "sensitive_attributes": [],
          "private": "eyJlMmJmYjczMC1lY2FhLTExZTYtOGY4OC0zNDM2M2JjN2M0YzAiOnsiY3JlYXRlIjo2MDAwMDAwMDAwMDAsImRlbGV0ZSI6OTAwMDAwMDAwMDAwfSwic2NoZW1hX3ZlcnNpb24iOiIxIn0=",
          "dependencies": [
            "module.vpc.aws_vpc.this",
            "random_string.suffix"
          ]
        }
      ]
    },
    {
      "mode": "managed",
      "type": "aws_security_group",
      "name": "worker_group_mgmt_one",
      "provider": "provider[\"registry.terraform.io/hashicorp/aws\"]",
      "instances": [
        {
          "schema_version": 1,
          "attributes": {
            "arn": "arn:aws:ec2:eu-west-1:935819310842:security-group/sg-065a92efc6a14280b",
            "description": "Managed by Terraform",
            "egress": [],
            "id": "sg-065a92efc6a14280b",
            "ingress": [
              {
                "cidr_blocks": [
                  "10.0.0.0/8"
                ],
                "description": "",
                "from_port": 22,
                "ipv6_cidr_blocks": [],
                "prefix_list_ids": [],
                "protocol": "tcp",
                "security_groups": [],
                "self": false,
                "to_port": 22
              }
            ],
            "name": "worker_group_mgmt_one20210723211813173500000001",
            "name_prefix": "worker_group_mgmt_one",
            "owner_id": "935819310842",
            "revoke_rules_on_delete": false,
            "tags": {},
            "tags_all": {},
            "timeouts": null,
            "vpc_id": "vpc-0dda482ede19ecfb4"
          },
          "sensitive_attributes": [],
          "private": "eyJlMmJmYjczMC1lY2FhLTExZTYtOGY4OC0zNDM2M2JjN2M0YzAiOnsiY3JlYXRlIjo2MDAwMDAwMDAwMDAsImRlbGV0ZSI6OTAwMDAwMDAwMDAwfSwic2NoZW1hX3ZlcnNpb24iOiIxIn0=",
          "dependencies": [
            "module.vpc.aws_vpc.this",
            "random_string.suffix"
          ],
          "create_before_destroy": true
        }
      ]
    },
    {
      "mode": "managed",
      "type": "aws_security_group",
      "name": "worker_group_mgmt_two",
      "provider": "provider[\"registry.terraform.io/hashicorp/aws\"]",
      "instances": [
        {
          "schema_version": 1,
          "attributes": {
            "arn": "arn:aws:ec2:eu-west-1:935819310842:security-group/sg-0b173d212605f721a",
            "description": "Managed by Terraform",
            "egress": [],
            "id": "sg-0b173d212605f721a",
            "ingress": [
              {
                "cidr_blocks": [
                  "192.168.0.0/16"
                ],
                "description": "",
                "from_port": 22,
                "ipv6_cidr_blocks": [],
                "prefix_list_ids": [],
                "protocol": "tcp",
                "security_groups": [],
                "self": false,
                "to_port": 22
              }
            ],
            "name": "worker_group_mgmt_two20210723211829118600000003",
            "name_prefix": "worker_group_mgmt_two",
            "owner_id": "935819310842",
            "revoke_rules_on_delete": false,
            "tags": {},
            "tags_all": {},
            "timeouts": null,
            "vpc_id": "vpc-0dda482ede19ecfb4"
          },
          "sensitive_attributes": [],
          "private": "eyJlMmJmYjczMC1lY2FhLTExZTYtOGY4OC0zNDM2M2JjN2M0YzAiOnsiY3JlYXRlIjo2MDAwMDAwMDAwMDAsImRlbGV0ZSI6OTAwMDAwMDAwMDAwfSwic2NoZW1hX3ZlcnNpb24iOiIxIn0=",
          "dependencies": [
            "module.vpc.aws_vpc.this",
            "random_string.suffix"
          ],
          "create_before_destroy": true
        }
      ]
    },
    {
      "mode": "managed",
      "type": "random_string",
      "name": "suffix",
      "provider": "provider[\"registry.terraform.io/hashicorp/random\"]",
      "instances": [
        {
          "schema_version": 1,
          "attributes": {
            "id": "PfAufQKz",
            "keepers": null,
            "length": 8,
            "lower": true,
            "min_lower": 0,
            "min_numeric": 0,
            "min_special": 0,
            "min_upper": 0,
            "number": true,
            "override_special": null,
            "result": "PfAufQKz",
            "special": false,
            "upper": true
          },
          "sensitive_attributes": [],
          "private": "eyJzY2hlbWFfdmVyc2lvbiI6IjEifQ==",
          "create_before_destroy": true
        }
      ]
    },
    {
      "module": "module.eks",
      "mode": "data",
      "type": "aws_ami",
      "name": "eks_worker",
      "provider": "provider[\"registry.terraform.io/hashicorp/aws\"]",
      "instances": [
        {
          "index_key": 0,
          "schema_version": 0,
          "attributes": {
            "architecture": "x86_64",
            "arn": "arn:aws:ec2:eu-west-1::image/ami-031de2a4db6a7880f",
            "block_device_mappings": [
              {
                "device_name": "/dev/xvda",
                "ebs": {
                  "delete_on_termination": "true",
                  "encrypted": "false",
                  "iops": "0",
                  "snapshot_id": "snap-09ce7fa1525de9795",
                  "throughput": "0",
                  "volume_size": "20",
                  "volume_type": "gp2"
                },
                "no_device": "",
                "virtual_name": ""
              }
            ],
            "creation_date": "2021-07-22T21:26:02.000Z",
            "description": "EKS Kubernetes Worker AMI with AmazonLinux2 image, (k8s: 1.20.4, docker: 19.03.13ce-1.amzn2, containerd: 1.4.6-2.amzn2)",
            "ena_support": true,
            "executable_users": null,
            "filter": [
              {
                "name": "name",
                "values": [
                  "amazon-eks-node-1.20-v*"
                ]
              }
            ],
            "hypervisor": "xen",
            "id": "ami-031de2a4db6a7880f",
            "image_id": "ami-031de2a4db6a7880f",
            "image_location": "amazon/amazon-eks-node-1.20-v20210722",
            "image_owner_alias": "amazon",
            "image_type": "machine",
            "kernel_id": null,
            "most_recent": true,
            "name": "amazon-eks-node-1.20-v20210722",
            "name_regex": null,
            "owner_id": "602401143452",
            "owners": [
              "amazon"
            ],
            "platform": null,
            "platform_details": "Linux/UNIX",
            "product_codes": [],
            "public": true,
            "ramdisk_id": null,
            "root_device_name": "/dev/xvda",
            "root_device_type": "ebs",
            "root_snapshot_id": "snap-09ce7fa1525de9795",
            "sriov_net_support": "simple",
            "state": "available",
            "state_reason": {
              "code": "UNSET",
              "message": "UNSET"
            },
            "tags": {},
            "usage_operation": "RunInstances",
            "virtualization_type": "hvm"
          },
          "sensitive_attributes": []
        }
      ]
    },
    {
      "module": "module.eks",
      "mode": "data",
      "type": "aws_caller_identity",
      "name": "current",
      "provider": "provider[\"registry.terraform.io/hashicorp/aws\"]",
      "instances": [
        {
          "schema_version": 0,
          "attributes": {
            "account_id": "935819310842",
            "arn": "arn:aws:iam::935819310842:user/pmotwani",
            "id": "935819310842",
            "user_id": "AIDA5TYZNO35C3NSZGHMX"
          },
          "sensitive_attributes": []
        }
      ]
    },
    {
      "module": "module.eks",
      "mode": "data",
      "type": "aws_iam_policy_document",
      "name": "cluster_assume_role_policy",
      "provider": "provider[\"registry.terraform.io/hashicorp/aws\"]",
      "instances": [
        {
          "schema_version": 0,
          "attributes": {
            "id": "2764486067",
            "json": "{\n  \"Version\": \"2012-10-17\",\n  \"Statement\": [\n    {\n      \"Sid\": \"EKSClusterAssumeRole\",\n      \"Effect\": \"Allow\",\n      \"Action\": \"sts:AssumeRole\",\n      \"Principal\": {\n        \"Service\": \"eks.amazonaws.com\"\n      }\n    }\n  ]\n}",
            "override_json": null,
            "override_policy_documents": null,
            "policy_id": null,
            "source_json": null,
            "source_policy_documents": null,
            "statement": [
              {
                "actions": [
                  "sts:AssumeRole"
                ],
                "condition": [],
                "effect": "Allow",
                "not_actions": [],
                "not_principals": [],
                "not_resources": [],
                "principals": [
                  {
                    "identifiers": [
                      "eks.amazonaws.com"
                    ],
                    "type": "Service"
                  }
                ],
                "resources": [],
                "sid": "EKSClusterAssumeRole"
              }
            ],
            "version": "2012-10-17"
          },
          "sensitive_attributes": []
        }
      ]
    },
    {
      "module": "module.eks",
      "mode": "data",
      "type": "aws_iam_policy_document",
      "name": "cluster_elb_sl_role_creation",
      "provider": "provider[\"registry.terraform.io/hashicorp/aws\"]",
      "instances": [
        {
          "index_key": 0,
          "schema_version": 0,
          "attributes": {
            "id": "3709839417",
            "json": "{\n  \"Version\": \"2012-10-17\",\n  \"Statement\": [\n    {\n      \"Sid\": \"\",\n      \"Effect\": \"Allow\",\n      \"Action\": [\n        \"ec2:DescribeInternetGateways\",\n        \"ec2:DescribeAddresses\",\n        \"ec2:DescribeAccountAttributes\"\n      ],\n      \"Resource\": \"*\"\n    }\n  ]\n}",
            "override_json": null,
            "override_policy_documents": null,
            "policy_id": null,
            "source_json": null,
            "source_policy_documents": null,
            "statement": [
              {
                "actions": [
                  "ec2:DescribeAccountAttributes",
                  "ec2:DescribeAddresses",
                  "ec2:DescribeInternetGateways"
                ],
                "condition": [],
                "effect": "Allow",
                "not_actions": [],
                "not_principals": [],
                "not_resources": [],
                "principals": [],
                "resources": [
                  "*"
                ],
                "sid": ""
              }
            ],
            "version": "2012-10-17"
          },
          "sensitive_attributes": []
        }
      ]
    },
    {
      "module": "module.eks",
      "mode": "data",
      "type": "aws_iam_policy_document",
      "name": "workers_assume_role_policy",
      "provider": "provider[\"registry.terraform.io/hashicorp/aws\"]",
      "instances": [
        {
          "schema_version": 0,
          "attributes": {
            "id": "3778018924",
            "json": "{\n  \"Version\": \"2012-10-17\",\n  \"Statement\": [\n    {\n      \"Sid\": \"EKSWorkerAssumeRole\",\n      \"Effect\": \"Allow\",\n      \"Action\": \"sts:AssumeRole\",\n      \"Principal\": {\n        \"Service\": \"ec2.amazonaws.com\"\n      }\n    }\n  ]\n}",
            "override_json": null,
            "override_policy_documents": null,
            "policy_id": null,
            "source_json": null,
            "source_policy_documents": null,
            "statement": [
              {
                "actions": [
                  "sts:AssumeRole"
                ],
                "condition": [],
                "effect": "Allow",
                "not_actions": [],
                "not_principals": [],
                "not_resources": [],
                "principals": [
                  {
                    "identifiers": [
                      "ec2.amazonaws.com"
                    ],
                    "type": "Service"
                  }
                ],
                "resources": [],
                "sid": "EKSWorkerAssumeRole"
              }
            ],
            "version": "2012-10-17"
          },
          "sensitive_attributes": []
        }
      ]
    },
    {
      "module": "module.eks",
      "mode": "data",
      "type": "aws_partition",
      "name": "current",
      "provider": "provider[\"registry.terraform.io/hashicorp/aws\"]",
      "instances": [
        {
          "schema_version": 0,
          "attributes": {
            "dns_suffix": "amazonaws.com",
            "id": "aws",
            "partition": "aws",
            "reverse_dns_prefix": "com.amazonaws"
          },
          "sensitive_attributes": []
        }
      ]
    },
    {
      "module": "module.eks",
      "mode": "data",
      "type": "http",
      "name": "wait_for_cluster",
      "provider": "provider[\"registry.terraform.io/terraform-aws-modules/http\"]",
      "instances": [
        {
          "index_key": 0,
          "schema_version": 0,
          "attributes": {
            "body": "ok",
            "ca_certificate": "-----BEGIN CERTIFICATE-----\nMIIC5zCCAc+gAwIBAgIBADANBgkqhkiG9w0BAQsFADAVMRMwEQYDVQQDEwprdWJl\ncm5ldGVzMB4XDTIxMDcyMzIxMjUwOFoXDTMxMDcyMTIxMjUwOFowFTETMBEGA1UE\nAxMKa3ViZXJuZXRlczCCASIwDQYJKoZIhvcNAQEBBQADggEPADCCAQoCggEBALkj\nFflyt7f15BuPt1LusPYJ18A7LyO3t9vgQ/SiPI+V78YNPDdonh6Jd7RbNO1qy5Hh\npVcyEyURKWF2afJ9FxMX1B9M3+PwiXhXb5wEyH9BauOva4TB6f/w2RgwYwPljoKY\nlD2WPvTTXTGvF4eX7avJ//96Im8JmMmgXQe11Thkf6z3cnB2sFJ3b0AUQFk53iHs\nKb+rVrJdvJKuS8X2EiDCcH1dXY7muJKlfNaRKW349Kw0v1XtEIjn6jEgVBb2104K\n2Lo+G/l3+JvOTZzKtBiNG1k1frrLKaFOgLsq4vM53FAy9YzZZkkKZlkSi1DCAvjE\nTWVbO6sj9a1/U/oRXzkCAwEAAaNCMEAwDgYDVR0PAQH/BAQDAgKkMA8GA1UdEwEB\n/wQFMAMBAf8wHQYDVR0OBBYEFAPspKi4VAsQYkSpMneCoogWfShgMA0GCSqGSIb3\nDQEBCwUAA4IBAQBkBRQoNybu3fiZTqAaUxCyxZMba1+baBnLYWjYu9iCU0a5fyse\nfDxSbzYjHmcbfWWotUvkN0p6DipQDN/BCBbYuJLZlpsxdQ/biPNTJmpGiomKOSCu\nmFO3TaeWM9tJdD6spDqNl0hyb1M1bzEltQjc+tochIJU8RIcp0rg19HPm7hsqBT8\noXkSK0fhLyYgh/Yik3Ne+Uo4qN9k5yTMuibi9RYVLXItSrS9IcGykUWKvOsaqnod\nxelnokScdzFXugkFp7SvzCk2ty3Ci5wqhhOCYYuBXN9E0TQ2OYHi0o+Tu/9zpyW8\nTmShkKfKROpBEdFoyWvHCeTswf3lyJqekLLf\n-----END CERTIFICATE-----\n",
            "id": "https://83EF0084CE2F3C17FC4CF6A280A78B5C.sk1.eu-west-1.eks.amazonaws.com/healthz",
            "insecure": false,
            "request_headers": null,
            "response_headers": {
              "Cache-Control": "no-cache, private",
              "Content-Length": "2",
              "Content-Type": "text/plain; charset=utf-8",
              "Date": "Sat, 24 Jul 2021 11:32:21 GMT",
              "X-Content-Type-Options": "nosniff",
              "X-Kubernetes-Pf-Flowschema-Uid": "a879b66c-86f4-48c8-8259-ca27f1c109ff",
              "X-Kubernetes-Pf-Prioritylevel-Uid": "ccca320b-e963-4548-a482-fd97b39ef6af"
            },
            "timeout": 300,
            "url": "https://83EF0084CE2F3C17FC4CF6A280A78B5C.sk1.eu-west-1.eks.amazonaws.com/healthz"
          },
          "sensitive_attributes": []
        }
      ]
    },
    {
      "module": "module.eks",
      "mode": "managed",
      "type": "aws_autoscaling_group",
      "name": "workers",
      "provider": "provider[\"registry.terraform.io/hashicorp/aws\"]",
      "instances": [
        {
          "index_key": 0,
          "schema_version": 0,
          "attributes": {
            "arn": "arn:aws:autoscaling:eu-west-1:935819310842:autoScalingGroup:d3e7b014-8f3c-4ed6-8f49-c1ba489ed7d1:autoScalingGroupName/eks-PfAufQKz-worker-group-12021072321311208380000000f",
            "availability_zones": [
              "eu-west-1a",
              "eu-west-1b",
              "eu-west-1c"
            ],
            "capacity_rebalance": false,
            "default_cooldown": 300,
            "desired_capacity": 2,
            "enabled_metrics": [],
            "force_delete": false,
            "force_delete_warm_pool": false,
            "health_check_grace_period": 300,
            "health_check_type": "EC2",
            "id": "eks-PfAufQKz-worker-group-12021072321311208380000000f",
            "initial_lifecycle_hook": [],
            "instance_refresh": [],
            "launch_configuration": "eks-PfAufQKz-worker-group-120210724112238762100000002",
            "launch_template": [],
            "load_balancers": [],
            "max_instance_lifetime": 0,
            "max_size": 3,
            "metrics_granularity": "1Minute",
            "min_elb_capacity": null,
            "min_size": 1,
            "mixed_instances_policy": [],
            "name": "eks-PfAufQKz-worker-group-12021072321311208380000000f",
            "name_prefix": "eks-PfAufQKz-worker-group-1",
            "placement_group": "",
            "protect_from_scale_in": false,
            "service_linked_role_arn": "arn:aws:iam::935819310842:role/aws-service-role/autoscaling.amazonaws.com/AWSServiceRoleForAutoScaling",
            "suspended_processes": [
              "AZRebalance"
            ],
            "tag": [
              {
                "key": "Environment",
                "propagate_at_launch": true,
                "value": "training"
              },
              {
                "key": "GithubOrg",
                "propagate_at_launch": true,
                "value": "terraform-aws-modules"
              },
              {
                "key": "GithubRepo",
                "propagate_at_launch": true,
                "value": "terraform-aws-eks"
              },
              {
                "key": "Name",
                "propagate_at_launch": true,
                "value": "eks-PfAufQKz-worker-group-1-eks_asg"
              },
              {
                "key": "k8s.io/cluster/eks-PfAufQKz",
                "propagate_at_launch": true,
                "value": "owned"
              },
              {
                "key": "kubernetes.io/cluster/eks-PfAufQKz",
                "propagate_at_launch": true,
                "value": "owned"
              }
            ],
            "tags": null,
            "target_group_arns": [],
            "termination_policies": [],
            "timeouts": null,
            "vpc_zone_identifier": [
              "subnet-009f9500b6c17c81d",
              "subnet-04ab249d1e6d3a2b0",
              "subnet-05d7239077d230354"
            ],
            "wait_for_capacity_timeout": "10m",
            "wait_for_elb_capacity": null,
            "warm_pool": []
          },
          "sensitive_attributes": [],
          "private": "eyJlMmJmYjczMC1lY2FhLTExZTYtOGY4OC0zNDM2M2JjN2M0YzAiOnsiZGVsZXRlIjo2MDAwMDAwMDAwMDB9fQ==",
          "dependencies": [
            "module.eks.aws_launch_configuration.workers",
            "module.eks.aws_security_group.cluster",
            "module.eks.aws_security_group_rule.workers_ingress_cluster_primary",
            "module.eks.data.aws_iam_instance_profile.custom_worker_group_iam_instance_profile",
            "module.eks.aws_iam_role_policy_attachment.cluster_AmazonEKSVPCResourceControllerPolicy",
            "module.eks.aws_eks_cluster.this",
            "module.eks.aws_iam_role_policy_attachment.workers_AmazonEKS_CNI_Policy",
            "module.eks.data.aws_iam_policy_document.cluster_assume_role_policy",
            "module.vpc.aws_subnet.private",
            "aws_security_group.worker_group_mgmt_two",
            "module.eks.aws_security_group_rule.workers_ingress_cluster",
            "module.eks.aws_iam_role.cluster",
            "module.eks.aws_security_group_rule.workers_ingress_cluster_https",
            "module.eks.data.aws_ami.eks_worker",
            "module.eks.data.aws_partition.current",
            "module.vpc.aws_vpc_ipv4_cidr_block_association.this",
            "module.eks.aws_iam_role_policy_attachment.workers_AmazonEKSWorkerNodePolicy",
            "module.eks.aws_cloudwatch_log_group.this",
            "module.eks.aws_iam_instance_profile.workers",
            "module.eks.aws_iam_role.workers",
            "module.eks.aws_iam_role_policy_attachment.workers_AmazonEC2ContainerRegistryReadOnly",
            "module.eks.aws_security_group_rule.workers_egress_internet",
            "module.eks.data.aws_ami.eks_worker_windows",
            "aws_security_group.worker_group_mgmt_one",
            "module.eks.aws_iam_role_policy_attachment.workers_additional_policies",
            "module.eks.data.aws_iam_role.custom_cluster_iam_role",
            "random_string.suffix",
            "module.eks.aws_iam_role_policy_attachment.cluster_AmazonEKSClusterPolicy",
            "module.eks.aws_iam_role_policy_attachment.cluster_AmazonEKSServicePolicy",
            "module.eks.aws_security_group_rule.cluster_egress_internet",
            "module.vpc.aws_vpc.this",
            "data.aws_availability_zones.available",
            "module.eks.aws_security_group_rule.cluster_https_worker_ingress",
            "module.eks.aws_security_group_rule.cluster_primary_ingress_workers",
            "module.eks.aws_security_group_rule.workers_ingress_cluster_kubelet",
            "module.eks.aws_security_group_rule.workers_ingress_self",
            "module.eks.data.aws_iam_policy_document.workers_assume_role_policy",
            "module.eks.aws_security_group.workers"
          ],
          "create_before_destroy": true
        },
        {
          "index_key": 1,
          "schema_version": 0,
          "attributes": {
            "arn": "arn:aws:autoscaling:eu-west-1:935819310842:autoScalingGroup:2f6f2363-e438-4cd7-aa20-815698b1c49a:autoScalingGroupName/eks-PfAufQKz-worker-group-22021072321311208370000000e",
            "availability_zones": [
              "eu-west-1a",
              "eu-west-1b",
              "eu-west-1c"
            ],
            "capacity_rebalance": false,
            "default_cooldown": 300,
            "desired_capacity": 1,
            "enabled_metrics": [],
            "force_delete": false,
            "force_delete_warm_pool": false,
            "health_check_grace_period": 300,
            "health_check_type": "EC2",
            "id": "eks-PfAufQKz-worker-group-22021072321311208370000000e",
            "initial_lifecycle_hook": [],
            "instance_refresh": [],
            "launch_configuration": "eks-PfAufQKz-worker-group-220210724112238762100000001",
            "launch_template": [],
            "load_balancers": [],
            "max_instance_lifetime": 0,
            "max_size": 3,
            "metrics_granularity": "1Minute",
            "min_elb_capacity": null,
            "min_size": 1,
            "mixed_instances_policy": [],
            "name": "eks-PfAufQKz-worker-group-22021072321311208370000000e",
            "name_prefix": "eks-PfAufQKz-worker-group-2",
            "placement_group": "",
            "protect_from_scale_in": false,
            "service_linked_role_arn": "arn:aws:iam::935819310842:role/aws-service-role/autoscaling.amazonaws.com/AWSServiceRoleForAutoScaling",
            "suspended_processes": [
              "AZRebalance"
            ],
            "tag": [
              {
                "key": "Environment",
                "propagate_at_launch": true,
                "value": "training"
              },
              {
                "key": "GithubOrg",
                "propagate_at_launch": true,
                "value": "terraform-aws-modules"
              },
              {
                "key": "GithubRepo",
                "propagate_at_launch": true,
                "value": "terraform-aws-eks"
              },
              {
                "key": "Name",
                "propagate_at_launch": true,
                "value": "eks-PfAufQKz-worker-group-2-eks_asg"
              },
              {
                "key": "k8s.io/cluster/eks-PfAufQKz",
                "propagate_at_launch": true,
                "value": "owned"
              },
              {
                "key": "kubernetes.io/cluster/eks-PfAufQKz",
                "propagate_at_launch": true,
                "value": "owned"
              }
            ],
            "tags": null,
            "target_group_arns": [],
            "termination_policies": [],
            "timeouts": null,
            "vpc_zone_identifier": [
              "subnet-009f9500b6c17c81d",
              "subnet-04ab249d1e6d3a2b0",
              "subnet-05d7239077d230354"
            ],
            "wait_for_capacity_timeout": "10m",
            "wait_for_elb_capacity": null,
            "warm_pool": []
          },
          "sensitive_attributes": [],
          "private": "eyJlMmJmYjczMC1lY2FhLTExZTYtOGY4OC0zNDM2M2JjN2M0YzAiOnsiZGVsZXRlIjo2MDAwMDAwMDAwMDB9fQ==",
          "dependencies": [
            "module.eks.aws_security_group_rule.workers_ingress_cluster_kubelet",
            "module.vpc.aws_subnet.private",
            "aws_security_group.worker_group_mgmt_one",
            "module.eks.aws_eks_cluster.this",
            "module.eks.aws_security_group.cluster",
            "module.eks.aws_security_group.workers",
            "module.eks.aws_security_group_rule.workers_egress_internet",
            "module.eks.aws_security_group_rule.workers_ingress_cluster_https",
            "module.eks.data.aws_ami.eks_worker",
            "module.eks.aws_iam_role_policy_attachment.workers_AmazonEC2ContainerRegistryReadOnly",
            "module.eks.aws_iam_role_policy_attachment.workers_AmazonEKSWorkerNodePolicy",
            "module.eks.aws_iam_role_policy_attachment.cluster_AmazonEKSServicePolicy",
            "module.eks.aws_launch_configuration.workers",
            "module.eks.aws_security_group_rule.workers_ingress_cluster",
            "module.eks.aws_security_group_rule.workers_ingress_cluster_primary",
            "module.eks.aws_security_group_rule.workers_ingress_self",
            "module.eks.data.aws_iam_policy_document.workers_assume_role_policy",
            "module.eks.aws_iam_role.cluster",
            "module.eks.aws_iam_role_policy_attachment.cluster_AmazonEKSClusterPolicy",
            "module.vpc.aws_vpc.this",
            "module.vpc.aws_vpc_ipv4_cidr_block_association.this",
            "module.eks.aws_iam_role_policy_attachment.cluster_AmazonEKSVPCResourceControllerPolicy",
            "module.eks.aws_security_group_rule.cluster_egress_internet",
            "module.eks.aws_cloudwatch_log_group.this",
            "module.eks.aws_iam_role.workers",
            "module.eks.aws_iam_role_policy_attachment.workers_AmazonEKS_CNI_Policy",
            "module.eks.aws_iam_role_policy_attachment.workers_additional_policies",
            "module.eks.aws_security_group_rule.cluster_https_worker_ingress",
            "module.eks.aws_security_group_rule.cluster_primary_ingress_workers",
            "module.eks.data.aws_iam_role.custom_cluster_iam_role",
            "random_string.suffix",
            "aws_security_group.worker_group_mgmt_two",
            "data.aws_availability_zones.available",
            "module.eks.data.aws_iam_instance_profile.custom_worker_group_iam_instance_profile",
            "module.eks.data.aws_iam_policy_document.cluster_assume_role_policy",
            "module.eks.data.aws_partition.current",
            "module.eks.aws_iam_instance_profile.workers",
            "module.eks.data.aws_ami.eks_worker_windows"
          ],
          "create_before_destroy": true
        }
      ]
    },
    {
      "module": "module.eks",
      "mode": "managed",
      "type": "aws_eks_cluster",
      "name": "this",
      "provider": "provider[\"registry.terraform.io/hashicorp/aws\"]",
      "instances": [
        {
          "index_key": 0,
          "schema_version": 0,
          "attributes": {
            "arn": "arn:aws:eks:eu-west-1:935819310842:cluster/eks-PfAufQKz",
            "certificate_authority": [
              {
                "data": "LS0tLS1CRUdJTiBDRVJUSUZJQ0FURS0tLS0tCk1JSUM1ekNDQWMrZ0F3SUJBZ0lCQURBTkJna3Foa2lHOXcwQkFRc0ZBREFWTVJNd0VRWURWUVFERXdwcmRXSmwKY201bGRHVnpNQjRYRFRJeE1EY3lNekl4TWpVd09Gb1hEVE14TURjeU1USXhNalV3T0Zvd0ZURVRNQkVHQTFVRQpBeE1LYTNWaVpYSnVaWFJsY3pDQ0FTSXdEUVlKS29aSWh2Y05BUUVCQlFBRGdnRVBBRENDQVFvQ2dnRUJBTGtqCkZmbHl0N2YxNUJ1UHQxTHVzUFlKMThBN0x5TzN0OXZnUS9TaVBJK1Y3OFlOUERkb25oNkpkN1JiTk8xcXk1SGgKcFZjeUV5VVJLV0YyYWZKOUZ4TVgxQjlNMytQd2lYaFhiNXdFeUg5QmF1T3ZhNFRCNmYvdzJSZ3dZd1Bsam9LWQpsRDJXUHZUVFhUR3ZGNGVYN2F2Si8vOTZJbThKbU1tZ1hRZTExVGhrZjZ6M2NuQjJzRkozYjBBVVFGazUzaUhzCktiK3JWckpkdkpLdVM4WDJFaURDY0gxZFhZN211SktsZk5hUktXMzQ5S3cwdjFYdEVJam42akVnVkJiMjEwNEsKMkxvK0cvbDMrSnZPVFp6S3RCaU5HMWsxZnJyTEthRk9nTHNxNHZNNTNGQXk5WXpaWmtrS1psa1NpMURDQXZqRQpUV1ZiTzZzajlhMS9VL29SWHprQ0F3RUFBYU5DTUVBd0RnWURWUjBQQVFIL0JBUURBZ0trTUE4R0ExVWRFd0VCCi93UUZNQU1CQWY4d0hRWURWUjBPQkJZRUZBUHNwS2k0VkFzUVlrU3BNbmVDb29nV2ZTaGdNQTBHQ1NxR1NJYjMKRFFFQkN3VUFBNElCQVFCa0JSUW9OeWJ1M2ZpWlRxQWFVeEN5eFpNYmExK2JhQm5MWVdqWXU5aUNVMGE1ZnlzZQpmRHhTYnpZakhtY2JmV1dvdFV2a04wcDZEaXBRRE4vQkNCYll1SkxabHBzeGRRL2JpUE5USm1wR2lvbUtPU0N1Cm1GTzNUYWVXTTl0SmRENnNwRHFObDBoeWIxTTFiekVsdFFqYyt0b2NoSUpVOFJJY3AwcmcxOUhQbTdoc3FCVDgKb1hrU0swZmhMeVlnaC9ZaWszTmUrVW80cU45azV5VE11aWJpOVJZVkxYSXRTclM5SWNHeWtVV0t2T3NhcW5vZAp4ZWxub2tTY2R6Rlh1Z2tGcDdTdnpDazJ0eTNDaTV3cWhoT0NZWXVCWE45RTBUUTJPWUhpMG8rVHUvOXpweVc4ClRtU2hrS2ZLUk9wQkVkRm95V3ZIQ2VUc3dmM2x5SnFla0xMZgotLS0tLUVORCBDRVJUSUZJQ0FURS0tLS0tCg=="
              }
            ],
            "created_at": "2021-07-23 21:19:39.162 +0000 UTC",
            "enabled_cluster_log_types": [],
            "encryption_config": [],
            "endpoint": "https://83EF0084CE2F3C17FC4CF6A280A78B5C.sk1.eu-west-1.eks.amazonaws.com",
            "id": "eks-PfAufQKz",
            "identity": [
              {
                "oidc": [
                  {
                    "issuer": "https://oidc.eks.eu-west-1.amazonaws.com/id/83EF0084CE2F3C17FC4CF6A280A78B5C"
                  }
                ]
              }
            ],
            "kubernetes_network_config": [
              {
                "service_ipv4_cidr": "172.20.0.0/16"
              }
            ],
            "name": "eks-PfAufQKz",
            "platform_version": "eks.2",
            "role_arn": "arn:aws:iam::935819310842:role/eks-PfAufQKz20210723211114743300000002",
            "status": "ACTIVE",
            "tags": {
              "Environment": "training",
              "GithubOrg": "terraform-aws-modules",
              "GithubRepo": "terraform-aws-eks"
            },
            "tags_all": {
              "Environment": "training",
              "GithubOrg": "terraform-aws-modules",
              "GithubRepo": "terraform-aws-eks"
            },
            "timeouts": {
              "create": "30m",
              "delete": "15m",
              "update": null
            },
            "version": "1.20",
            "vpc_config": [
              {
                "cluster_security_group_id": "sg-0bf191c2a70a041f0",
                "endpoint_private_access": false,
                "endpoint_public_access": true,
                "public_access_cidrs": [
                  "0.0.0.0/0"
                ],
                "security_group_ids": [
                  "sg-063ef015b30b5a1fb"
                ],
                "subnet_ids": [
                  "subnet-009f9500b6c17c81d",
                  "subnet-04ab249d1e6d3a2b0",
                  "subnet-05d7239077d230354"
                ],
                "vpc_id": "vpc-0dda482ede19ecfb4"
              }
            ]
          },
          "sensitive_attributes": [],
          "private": "eyJlMmJmYjczMC1lY2FhLTExZTYtOGY4OC0zNDM2M2JjN2M0YzAiOnsiY3JlYXRlIjoxODAwMDAwMDAwMDAwLCJkZWxldGUiOjkwMDAwMDAwMDAwMCwidXBkYXRlIjozNjAwMDAwMDAwMDAwfX0=",
          "dependencies": [
            "module.eks.aws_security_group_rule.cluster_egress_internet",
            "module.eks.aws_security_group_rule.cluster_https_worker_ingress",
            "module.eks.aws_iam_role.cluster",
            "module.eks.aws_iam_role_policy_attachment.cluster_AmazonEKSServicePolicy",
            "module.eks.aws_iam_role_policy_attachment.cluster_AmazonEKSVPCResourceControllerPolicy",
            "module.vpc.aws_vpc_ipv4_cidr_block_association.this",
            "random_string.suffix",
            "module.eks.aws_iam_role_policy_attachment.cluster_AmazonEKSClusterPolicy",
            "module.eks.aws_security_group.workers",
            "module.eks.data.aws_iam_policy_document.cluster_assume_role_policy",
            "module.eks.data.aws_partition.current",
            "module.vpc.aws_vpc.this",
            "module.eks.aws_security_group.cluster",
            "module.eks.aws_cloudwatch_log_group.this",
            "module.eks.data.aws_iam_role.custom_cluster_iam_role",
            "module.vpc.aws_subnet.private",
            "data.aws_availability_zones.available"
          ],
          "create_before_destroy": true
        }
      ]
    },
    {
      "module": "module.eks",
      "mode": "managed",
      "type": "aws_iam_instance_profile",
      "name": "workers",
      "provider": "provider[\"registry.terraform.io/hashicorp/aws\"]",
      "instances": [
        {
          "index_key": 0,
          "schema_version": 0,
          "attributes": {
            "arn": "arn:aws:iam::935819310842:instance-profile/eks-PfAufQKz20210723213023311500000007",
            "create_date": "2021-07-23T21:30:28Z",
            "id": "eks-PfAufQKz20210723213023311500000007",
            "name": "eks-PfAufQKz20210723213023311500000007",
            "name_prefix": "eks-PfAufQKz",
            "path": "/",
            "role": "eks-PfAufQKz20210723213001170400000006",
            "tags": {
              "Environment": "training",
              "GithubOrg": "terraform-aws-modules",
              "GithubRepo": "terraform-aws-eks"
            },
            "tags_all": {
              "Environment": "training",
              "GithubOrg": "terraform-aws-modules",
              "GithubRepo": "terraform-aws-eks"
            },
            "unique_id": "AIPA5TYZNO35D7UVBIMLS"
          },
          "sensitive_attributes": [],
          "private": "bnVsbA==",
          "dependencies": [
            "module.eks.aws_iam_role.cluster",
            "module.eks.aws_iam_role_policy_attachment.cluster_AmazonEKSServicePolicy",
            "module.eks.data.aws_iam_policy_document.cluster_assume_role_policy",
            "module.eks.data.aws_iam_policy_document.workers_assume_role_policy",
            "module.eks.data.aws_iam_role.custom_cluster_iam_role",
            "aws_security_group.worker_group_mgmt_one",
            "aws_security_group.worker_group_mgmt_two",
            "module.eks.aws_cloudwatch_log_group.this",
            "module.vpc.aws_vpc_ipv4_cidr_block_association.this",
            "module.eks.aws_security_group_rule.cluster_egress_internet",
            "module.eks.aws_eks_cluster.this",
            "module.eks.aws_iam_role.workers",
            "module.eks.aws_security_group.cluster",
            "module.eks.aws_security_group_rule.cluster_https_worker_ingress",
            "module.vpc.aws_subnet.private",
            "module.vpc.aws_vpc.this",
            "data.aws_availability_zones.available",
            "module.eks.aws_iam_role_policy_attachment.cluster_AmazonEKSVPCResourceControllerPolicy",
            "module.eks.aws_security_group.workers",
            "module.eks.aws_iam_role_policy_attachment.cluster_AmazonEKSClusterPolicy",
            "module.eks.data.aws_partition.current",
            "random_string.suffix"
          ],
          "create_before_destroy": true
        },
        {
          "index_key": 1,
          "schema_version": 0,
          "attributes": {
            "arn": "arn:aws:iam::935819310842:instance-profile/eks-PfAufQKz20210723213023311700000008",
            "create_date": "2021-07-23T21:30:28Z",
            "id": "eks-PfAufQKz20210723213023311700000008",
            "name": "eks-PfAufQKz20210723213023311700000008",
            "name_prefix": "eks-PfAufQKz",
            "path": "/",
            "role": "eks-PfAufQKz20210723213001170400000006",
            "tags": {
              "Environment": "training",
              "GithubOrg": "terraform-aws-modules",
              "GithubRepo": "terraform-aws-eks"
            },
            "tags_all": {
              "Environment": "training",
              "GithubOrg": "terraform-aws-modules",
              "GithubRepo": "terraform-aws-eks"
            },
            "unique_id": "AIPA5TYZNO35H3EPVM3QY"
          },
          "sensitive_attributes": [],
          "private": "bnVsbA==",
          "dependencies": [
            "module.eks.aws_iam_role.workers",
            "module.eks.aws_security_group_rule.cluster_egress_internet",
            "module.eks.data.aws_iam_policy_document.cluster_assume_role_policy",
            "module.eks.data.aws_iam_policy_document.workers_assume_role_policy",
            "module.eks.data.aws_iam_role.custom_cluster_iam_role",
            "aws_security_group.worker_group_mgmt_one",
            "aws_security_group.worker_group_mgmt_two",
            "module.eks.aws_iam_role_policy_attachment.cluster_AmazonEKSClusterPolicy",
            "module.eks.aws_iam_role_policy_attachment.cluster_AmazonEKSServicePolicy",
            "module.vpc.aws_vpc_ipv4_cidr_block_association.this",
            "random_string.suffix",
            "module.eks.aws_cloudwatch_log_group.this",
            "module.eks.aws_eks_cluster.this",
            "module.eks.aws_security_group.cluster",
            "module.eks.aws_security_group.workers",
            "module.eks.aws_security_group_rule.cluster_https_worker_ingress",
            "module.eks.data.aws_partition.current",
            "data.aws_availability_zones.available",
            "module.eks.aws_iam_role.cluster",
            "module.eks.aws_iam_role_policy_attachment.cluster_AmazonEKSVPCResourceControllerPolicy",
            "module.vpc.aws_subnet.private",
            "module.vpc.aws_vpc.this"
          ],
          "create_before_destroy": true
        }
      ]
    },
    {
      "module": "module.eks",
      "mode": "managed",
      "type": "aws_iam_policy",
      "name": "cluster_elb_sl_role_creation",
      "provider": "provider[\"registry.terraform.io/hashicorp/aws\"]",
      "instances": [
        {
          "index_key": 0,
          "schema_version": 0,
          "attributes": {
            "arn": "arn:aws:iam::935819310842:policy/eks-PfAufQKz-elb-sl-role-creation20210723211114739400000001",
            "description": "Permissions for EKS to create AWSServiceRoleForElasticLoadBalancing service-linked role",
            "id": "arn:aws:iam::935819310842:policy/eks-PfAufQKz-elb-sl-role-creation20210723211114739400000001",
            "name": "eks-PfAufQKz-elb-sl-role-creation20210723211114739400000001",
            "name_prefix": "eks-PfAufQKz-elb-sl-role-creation",
            "path": "/",
            "policy": "{\n  \"Version\": \"2012-10-17\",\n  \"Statement\": [\n    {\n      \"Sid\": \"\",\n      \"Effect\": \"Allow\",\n      \"Action\": [\n        \"ec2:DescribeInternetGateways\",\n        \"ec2:DescribeAddresses\",\n        \"ec2:DescribeAccountAttributes\"\n      ],\n      \"Resource\": \"*\"\n    }\n  ]\n}",
            "policy_id": "ANPA5TYZNO35JAWOLK2VK",
            "tags": {
              "Environment": "training",
              "GithubOrg": "terraform-aws-modules",
              "GithubRepo": "terraform-aws-eks"
            },
            "tags_all": {
              "Environment": "training",
              "GithubOrg": "terraform-aws-modules",
              "GithubRepo": "terraform-aws-eks"
            }
          },
          "sensitive_attributes": [],
          "private": "bnVsbA==",
          "dependencies": [
            "module.eks.data.aws_iam_policy_document.cluster_elb_sl_role_creation",
            "random_string.suffix"
          ]
        }
      ]
    },
    {
      "module": "module.eks",
      "mode": "managed",
      "type": "aws_iam_role",
      "name": "cluster",
      "provider": "provider[\"registry.terraform.io/hashicorp/aws\"]",
      "instances": [
        {
          "index_key": 0,
          "schema_version": 0,
          "attributes": {
            "arn": "arn:aws:iam::935819310842:role/eks-PfAufQKz20210723211114743300000002",
            "assume_role_policy": "{\"Version\":\"2012-10-17\",\"Statement\":[{\"Sid\":\"EKSClusterAssumeRole\",\"Effect\":\"Allow\",\"Principal\":{\"Service\":\"eks.amazonaws.com\"},\"Action\":\"sts:AssumeRole\"}]}",
            "create_date": "2021-07-23T21:11:20Z",
            "description": "",
            "force_detach_policies": true,
            "id": "eks-PfAufQKz20210723211114743300000002",
            "inline_policy": [
              {
                "name": "",
                "policy": ""
              }
            ],
            "managed_policy_arns": [
              "arn:aws:iam::935819310842:policy/eks-PfAufQKz-elb-sl-role-creation20210723211114739400000001",
              "arn:aws:iam::aws:policy/AmazonEKSClusterPolicy",
              "arn:aws:iam::aws:policy/AmazonEKSServicePolicy",
              "arn:aws:iam::aws:policy/AmazonEKSVPCResourceController"
            ],
            "max_session_duration": 3600,
            "name": "eks-PfAufQKz20210723211114743300000002",
            "name_prefix": "eks-PfAufQKz",
            "path": "/",
            "permissions_boundary": null,
            "tags": {
              "Environment": "training",
              "GithubOrg": "terraform-aws-modules",
              "GithubRepo": "terraform-aws-eks"
            },
            "tags_all": {
              "Environment": "training",
              "GithubOrg": "terraform-aws-modules",
              "GithubRepo": "terraform-aws-eks"
            },
            "unique_id": "AROA5TYZNO35ED32BLEXK"
          },
          "sensitive_attributes": [],
          "private": "bnVsbA==",
          "dependencies": [
            "module.eks.data.aws_iam_policy_document.cluster_assume_role_policy",
            "random_string.suffix"
          ],
          "create_before_destroy": true
        }
      ]
    },
    {
      "module": "module.eks",
      "mode": "managed",
      "type": "aws_iam_role",
      "name": "workers",
      "provider": "provider[\"registry.terraform.io/hashicorp/aws\"]",
      "instances": [
        {
          "index_key": 0,
          "schema_version": 0,
          "attributes": {
            "arn": "arn:aws:iam::935819310842:role/eks-PfAufQKz20210723213001170400000006",
            "assume_role_policy": "{\"Version\":\"2012-10-17\",\"Statement\":[{\"Sid\":\"EKSWorkerAssumeRole\",\"Effect\":\"Allow\",\"Principal\":{\"Service\":\"ec2.amazonaws.com\"},\"Action\":\"sts:AssumeRole\"}]}",
            "create_date": "2021-07-23T21:30:06Z",
            "description": "",
            "force_detach_policies": true,
            "id": "eks-PfAufQKz20210723213001170400000006",
            "inline_policy": [
              {
                "name": "",
                "policy": ""
              }
            ],
            "managed_policy_arns": [
              "arn:aws:iam::aws:policy/AmazonEC2ContainerRegistryReadOnly",
              "arn:aws:iam::aws:policy/AmazonEKSWorkerNodePolicy",
              "arn:aws:iam::aws:policy/AmazonEKS_CNI_Policy"
            ],
            "max_session_duration": 3600,
            "name": "eks-PfAufQKz20210723213001170400000006",
            "name_prefix": "eks-PfAufQKz",
            "path": "/",
            "permissions_boundary": null,
            "tags": {
              "Environment": "training",
              "GithubOrg": "terraform-aws-modules",
              "GithubRepo": "terraform-aws-eks"
            },
            "tags_all": {
              "Environment": "training",
              "GithubOrg": "terraform-aws-modules",
              "GithubRepo": "terraform-aws-eks"
            },
            "unique_id": "AROA5TYZNO35GAKSUF6EN"
          },
          "sensitive_attributes": [],
          "private": "bnVsbA==",
          "dependencies": [
            "module.eks.data.aws_partition.current",
            "module.vpc.aws_subnet.private",
            "random_string.suffix",
            "module.eks.aws_cloudwatch_log_group.this",
            "module.eks.aws_eks_cluster.this",
            "module.eks.aws_iam_role.cluster",
            "module.eks.aws_security_group.workers",
            "module.eks.aws_security_group_rule.cluster_https_worker_ingress",
            "module.eks.data.aws_iam_policy_document.workers_assume_role_policy",
            "module.eks.aws_iam_role_policy_attachment.cluster_AmazonEKSClusterPolicy",
            "module.eks.aws_iam_role_policy_attachment.cluster_AmazonEKSVPCResourceControllerPolicy",
            "module.eks.data.aws_iam_policy_document.cluster_assume_role_policy",
            "module.vpc.aws_vpc_ipv4_cidr_block_association.this",
            "data.aws_availability_zones.available",
            "module.eks.aws_iam_role_policy_attachment.cluster_AmazonEKSServicePolicy",
            "module.eks.aws_security_group.cluster",
            "module.eks.aws_security_group_rule.cluster_egress_internet",
            "module.eks.data.aws_iam_role.custom_cluster_iam_role",
            "module.vpc.aws_vpc.this"
          ],
          "create_before_destroy": true
        }
      ]
    },
    {
      "module": "module.eks",
      "mode": "managed",
      "type": "aws_iam_role_policy_attachment",
      "name": "cluster_AmazonEKSClusterPolicy",
      "provider": "provider[\"registry.terraform.io/hashicorp/aws\"]",
      "instances": [
        {
          "index_key": 0,
          "schema_version": 0,
          "attributes": {
            "id": "eks-PfAufQKz20210723211114743300000002-20210723211148604400000006",
            "policy_arn": "arn:aws:iam::aws:policy/AmazonEKSClusterPolicy",
            "role": "eks-PfAufQKz20210723211114743300000002"
          },
          "sensitive_attributes": [],
          "private": "bnVsbA==",
          "dependencies": [
            "module.eks.data.aws_partition.current",
            "random_string.suffix",
            "module.eks.aws_iam_role.cluster",
            "module.eks.data.aws_iam_policy_document.cluster_assume_role_policy"
          ],
          "create_before_destroy": true
        }
      ]
    },
    {
      "module": "module.eks",
      "mode": "managed",
      "type": "aws_iam_role_policy_attachment",
      "name": "cluster_AmazonEKSServicePolicy",
      "provider": "provider[\"registry.terraform.io/hashicorp/aws\"]",
      "instances": [
        {
          "index_key": 0,
          "schema_version": 0,
          "attributes": {
            "id": "eks-PfAufQKz20210723211114743300000002-20210723211148583300000003",
            "policy_arn": "arn:aws:iam::aws:policy/AmazonEKSServicePolicy",
            "role": "eks-PfAufQKz20210723211114743300000002"
          },
          "sensitive_attributes": [],
          "private": "bnVsbA==",
          "dependencies": [
            "module.eks.aws_iam_role.cluster",
            "module.eks.data.aws_iam_policy_document.cluster_assume_role_policy",
            "module.eks.data.aws_partition.current",
            "random_string.suffix"
          ],
          "create_before_destroy": true
        }
      ]
    },
    {
      "module": "module.eks",
      "mode": "managed",
      "type": "aws_iam_role_policy_attachment",
      "name": "cluster_AmazonEKSVPCResourceControllerPolicy",
      "provider": "provider[\"registry.terraform.io/hashicorp/aws\"]",
      "instances": [
        {
          "index_key": 0,
          "schema_version": 0,
          "attributes": {
            "id": "eks-PfAufQKz20210723211114743300000002-20210723211148596700000004",
            "policy_arn": "arn:aws:iam::aws:policy/AmazonEKSVPCResourceController",
            "role": "eks-PfAufQKz20210723211114743300000002"
          },
          "sensitive_attributes": [],
          "private": "bnVsbA==",
          "dependencies": [
            "module.eks.aws_iam_role.cluster",
            "module.eks.data.aws_iam_policy_document.cluster_assume_role_policy",
            "module.eks.data.aws_partition.current",
            "random_string.suffix"
          ],
          "create_before_destroy": true
        }
      ]
    },
    {
      "module": "module.eks",
      "mode": "managed",
      "type": "aws_iam_role_policy_attachment",
      "name": "cluster_elb_sl_role_creation",
      "provider": "provider[\"registry.terraform.io/hashicorp/aws\"]",
      "instances": [
        {
          "index_key": 0,
          "schema_version": 0,
          "attributes": {
            "id": "eks-PfAufQKz20210723211114743300000002-20210723211148604300000005",
            "policy_arn": "arn:aws:iam::935819310842:policy/eks-PfAufQKz-elb-sl-role-creation20210723211114739400000001",
            "role": "eks-PfAufQKz20210723211114743300000002"
          },
          "sensitive_attributes": [],
          "private": "bnVsbA==",
          "dependencies": [
            "module.eks.aws_iam_policy.cluster_elb_sl_role_creation",
            "module.eks.aws_iam_role.cluster",
            "module.eks.data.aws_iam_policy_document.cluster_assume_role_policy",
            "module.eks.data.aws_iam_policy_document.cluster_elb_sl_role_creation",
            "random_string.suffix"
          ]
        }
      ]
    },
    {
      "module": "module.eks",
      "mode": "managed",
      "type": "aws_iam_role_policy_attachment",
      "name": "workers_AmazonEC2ContainerRegistryReadOnly",
      "provider": "provider[\"registry.terraform.io/hashicorp/aws\"]",
      "instances": [
        {
          "index_key": 0,
          "schema_version": 0,
          "attributes": {
            "id": "eks-PfAufQKz20210723213001170400000006-2021072321302906960000000b",
            "policy_arn": "arn:aws:iam::aws:policy/AmazonEC2ContainerRegistryReadOnly",
            "role": "eks-PfAufQKz20210723213001170400000006"
          },
          "sensitive_attributes": [],
          "private": "bnVsbA==",
          "dependencies": [
            "module.eks.aws_security_group.cluster",
            "module.eks.data.aws_iam_policy_document.cluster_assume_role_policy",
            "module.vpc.aws_subnet.private",
            "module.eks.aws_iam_role_policy_attachment.cluster_AmazonEKSVPCResourceControllerPolicy",
            "module.eks.aws_iam_role_policy_attachment.cluster_AmazonEKSServicePolicy",
            "module.eks.aws_security_group.workers",
            "module.vpc.aws_vpc_ipv4_cidr_block_association.this",
            "module.eks.aws_eks_cluster.this",
            "module.eks.aws_iam_role.workers",
            "module.eks.aws_iam_role_policy_attachment.cluster_AmazonEKSClusterPolicy",
            "module.eks.aws_security_group_rule.cluster_egress_internet",
            "module.eks.data.aws_iam_role.custom_cluster_iam_role",
            "random_string.suffix",
            "data.aws_availability_zones.available",
            "module.eks.aws_iam_role.cluster",
            "module.eks.aws_security_group_rule.cluster_https_worker_ingress",
            "module.eks.data.aws_iam_policy_document.workers_assume_role_policy",
            "module.eks.data.aws_partition.current",
            "module.vpc.aws_vpc.this",
            "module.eks.aws_cloudwatch_log_group.this"
          ],
          "create_before_destroy": true
        }
      ]
    },
    {
      "module": "module.eks",
      "mode": "managed",
      "type": "aws_iam_role_policy_attachment",
      "name": "workers_AmazonEKSWorkerNodePolicy",
      "provider": "provider[\"registry.terraform.io/hashicorp/aws\"]",
      "instances": [
        {
          "index_key": 0,
          "schema_version": 0,
          "attributes": {
            "id": "eks-PfAufQKz20210723213001170400000006-2021072321302886030000000a",
            "policy_arn": "arn:aws:iam::aws:policy/AmazonEKSWorkerNodePolicy",
            "role": "eks-PfAufQKz20210723213001170400000006"
          },
          "sensitive_attributes": [],
          "private": "bnVsbA==",
          "dependencies": [
            "module.eks.aws_eks_cluster.this",
            "module.eks.data.aws_iam_policy_document.cluster_assume_role_policy",
            "module.vpc.aws_subnet.private",
            "module.eks.aws_iam_role.cluster",
            "module.eks.aws_iam_role_policy_attachment.cluster_AmazonEKSServicePolicy",
            "module.eks.aws_security_group_rule.cluster_https_worker_ingress",
            "random_string.suffix",
            "module.eks.data.aws_iam_role.custom_cluster_iam_role",
            "module.eks.data.aws_partition.current",
            "module.vpc.aws_vpc.this",
            "module.eks.aws_iam_role.workers",
            "module.eks.aws_iam_role_policy_attachment.cluster_AmazonEKSClusterPolicy",
            "module.eks.aws_iam_role_policy_attachment.cluster_AmazonEKSVPCResourceControllerPolicy",
            "module.eks.aws_security_group_rule.cluster_egress_internet",
            "module.eks.data.aws_iam_policy_document.workers_assume_role_policy",
            "data.aws_availability_zones.available",
            "module.eks.aws_cloudwatch_log_group.this",
            "module.eks.aws_security_group.cluster",
            "module.eks.aws_security_group.workers",
            "module.vpc.aws_vpc_ipv4_cidr_block_association.this"
          ],
          "create_before_destroy": true
        }
      ]
    },
    {
      "module": "module.eks",
      "mode": "managed",
      "type": "aws_iam_role_policy_attachment",
      "name": "workers_AmazonEKS_CNI_Policy",
      "provider": "provider[\"registry.terraform.io/hashicorp/aws\"]",
      "instances": [
        {
          "index_key": 0,
          "schema_version": 0,
          "attributes": {
            "id": "eks-PfAufQKz20210723213001170400000006-20210723213028838400000009",
            "policy_arn": "arn:aws:iam::aws:policy/AmazonEKS_CNI_Policy",
            "role": "eks-PfAufQKz20210723213001170400000006"
          },
          "sensitive_attributes": [],
          "private": "bnVsbA==",
          "dependencies": [
            "module.eks.data.aws_partition.current",
            "module.vpc.aws_subnet.private",
            "random_string.suffix",
            "module.eks.aws_iam_role_policy_attachment.cluster_AmazonEKSServicePolicy",
            "module.eks.aws_security_group.workers",
            "module.eks.data.aws_iam_role.custom_cluster_iam_role",
            "module.eks.data.aws_iam_policy_document.cluster_assume_role_policy",
            "module.eks.data.aws_iam_policy_document.workers_assume_role_policy",
            "module.vpc.aws_vpc.this",
            "module.vpc.aws_vpc_ipv4_cidr_block_association.this",
            "module.eks.aws_iam_role.workers",
            "module.eks.aws_iam_role_policy_attachment.cluster_AmazonEKSClusterPolicy",
            "module.eks.aws_security_group_rule.cluster_https_worker_ingress",
            "module.eks.aws_security_group.cluster",
            "module.eks.aws_cloudwatch_log_group.this",
            "module.eks.aws_iam_role.cluster",
            "module.eks.aws_iam_role_policy_attachment.cluster_AmazonEKSVPCResourceControllerPolicy",
            "data.aws_availability_zones.available",
            "module.eks.aws_eks_cluster.this",
            "module.eks.aws_security_group_rule.cluster_egress_internet"
          ],
          "create_before_destroy": true
        }
      ]
    },
    {
      "module": "module.eks",
      "mode": "managed",
      "type": "aws_launch_configuration",
      "name": "workers",
      "provider": "provider[\"registry.terraform.io/hashicorp/aws\"]",
      "instances": [
        {
          "index_key": 0,
          "schema_version": 0,
          "attributes": {
            "arn": "arn:aws:autoscaling:eu-west-1:935819310842:launchConfiguration:85ca24a5-81d8-439f-9dd2-eebc7637ccab:launchConfigurationName/eks-PfAufQKz-worker-group-120210724112238762100000002",
            "associate_public_ip_address": false,
            "ebs_block_device": [],
            "ebs_optimized": false,
            "enable_monitoring": true,
            "ephemeral_block_device": [],
            "iam_instance_profile": "eks-PfAufQKz20210723213023311500000007",
            "id": "eks-PfAufQKz-worker-group-120210724112238762100000002",
            "image_id": "ami-031de2a4db6a7880f",
            "instance_type": "t2.small",
            "key_name": "",
            "metadata_options": [
              {
                "http_endpoint": "enabled",
                "http_put_response_hop_limit": 1,
                "http_tokens": "optional"
              }
            ],
            "name": "eks-PfAufQKz-worker-group-120210724112238762100000002",
            "name_prefix": "eks-PfAufQKz-worker-group-1",
            "placement_tenancy": "",
            "root_block_device": [
              {
                "delete_on_termination": true,
                "encrypted": false,
                "iops": 0,
                "throughput": 0,
                "volume_size": 100,
                "volume_type": "gp2"
              }
            ],
            "security_groups": [
              "sg-065a92efc6a14280b",
              "sg-0d7f3b5a94d5bfcea"
            ],
            "spot_price": "",
            "user_data": null,
            "user_data_base64": "IyEvYmluL2Jhc2ggLWUKCiMgQWxsb3cgdXNlciBzdXBwbGllZCBwcmUgdXNlcmRhdGEgY29kZQoKCiMgQm9vdHN0cmFwIGFuZCBqb2luIHRoZSBjbHVzdGVyCi9ldGMvZWtzL2Jvb3RzdHJhcC5zaCAtLWI2NC1jbHVzdGVyLWNhICdMUzB0TFMxQ1JVZEpUaUJEUlZKVVNVWkpRMEZVUlMwdExTMHRDazFKU1VNMWVrTkRRV01yWjBGM1NVSkJaMGxDUVVSQlRrSm5hM0ZvYTJsSE9YY3dRa0ZSYzBaQlJFRldUVkpOZDBWUldVUldVVkZFUlhkd2NtUlhTbXdLWTIwMWJHUkhWbnBOUWpSWVJGUkplRTFFWTNsTmVrbDRUV3BWZDA5R2IxaEVWRTE0VFVSamVVMVVTWGhOYWxWM1QwWnZkMFpVUlZSTlFrVkhRVEZWUlFwQmVFMUxZVE5XYVZwWVNuVmFXRkpzWTNwRFEwRlRTWGRFVVZsS1MyOWFTV2gyWTA1QlVVVkNRbEZCUkdkblJWQkJSRU5EUVZGdlEyZG5SVUpCVEd0cUNrWm1iSGwwTjJZeE5VSjFVSFF4VEhWelVGbEtNVGhCTjB4NVR6TjBPWFpuVVM5VGFWQkpLMVkzT0ZsT1VFUmtiMjVvTmtwa04xSmlUazh4Y1hrMVNHZ0tjRlpqZVVWNVZWSkxWMFl5WVdaS09VWjRUVmd4UWpsTk15dFFkMmxZYUZoaU5YZEZlVWc1UW1GMVQzWmhORlJDTm1ZdmR6SlNaM2RaZDFCc2FtOUxXUXBzUkRKWFVIWlVWRmhVUjNaR05HVllOMkYyU2k4dk9UWkpiVGhLYlUxdFoxaFJaVEV4VkdoclpqWjZNMk51UWpKelJrb3pZakJCVlZGR2F6VXphVWh6Q2t0aUszSldja3BrZGtwTGRWTTRXREpGYVVSRFkwZ3haRmhaTjIxMVNrdHNaazVoVWt0WE16UTVTM2N3ZGpGWWRFVkphbTQyYWtWblZrSmlNakV3TkVzS01reHZLMGN2YkRNclNuWlBWRnA2UzNSQ2FVNUhNV3N4Wm5KeVRFdGhSazluVEhOeE5IWk5OVE5HUVhrNVdYcGFXbXRyUzFwc2ExTnBNVVJEUVhacVJRcFVWMVppVHpaemFqbGhNUzlWTDI5U1dIcHJRMEYzUlVGQllVNURUVVZCZDBSbldVUldVakJRUVZGSUwwSkJVVVJCWjB0clRVRTRSMEV4VldSRmQwVkNDaTkzVVVaTlFVMUNRV1k0ZDBoUldVUldVakJQUWtKWlJVWkJVSE53UzJrMFZrRnpVVmxyVTNCTmJtVkRiMjluVjJaVGFHZE5RVEJIUTFOeFIxTkpZak1LUkZGRlFrTjNWVUZCTkVsQ1FWRkNhMEpTVVc5T2VXSjFNMlpwV2xSeFFXRlZlRU41ZUZwTlltRXhLMkpoUW01TVdWZHFXWFU1YVVOVk1HRTFabmx6WlFwbVJIaFRZbnBaYWtodFkySm1WMWR2ZEZWMmEwNHdjRFpFYVhCUlJFNHZRa05DWWxsMVNreGFiSEJ6ZUdSUkwySnBVRTVVU20xd1IybHZiVXRQVTBOMUNtMUdUek5VWVdWWFRUbDBTbVJFTm5Od1JIRk9iREJvZVdJeFRURmlla1ZzZEZGcVl5dDBiMk5vU1VwVk9GSkpZM0F3Y21jeE9VaFFiVGRvYzNGQ1ZEZ0tiMWhyVTBzd1ptaE1lVmxuYUM5WmFXc3pUbVVyVlc4MGNVNDVhelY1VkUxMWFXSnBPVkpaVmt4WVNYUlRjbE01U1dOSGVXdFZWMHQyVDNOaGNXNXZaQXA0Wld4dWIydFRZMlI2UmxoMVoydEdjRGRUZG5wRGF6SjBlVE5EYVRWM2NXaG9UME5aV1hWQ1dFNDVSVEJVVVRKUFdVaHBNRzhyVkhVdk9YcHdlVmM0Q2xSdFUyaHJTMlpMVWs5d1FrVmtSbTk1VjNaSVEyVlVjM2RtTTJ4NVNuRmxhMHhNWmdvdExTMHRMVVZPUkNCRFJWSlVTVVpKUTBGVVJTMHRMUzB0Q2c9PScgLS1hcGlzZXJ2ZXItZW5kcG9pbnQgJ2h0dHBzOi8vODNFRjAwODRDRTJGM0MxN0ZDNENGNkEyODBBNzhCNUMuc2sxLmV1LXdlc3QtMS5la3MuYW1hem9uYXdzLmNvbScgIC0ta3ViZWxldC1leHRyYS1hcmdzICIiICdla3MtUGZBdWZRS3onCgojIEFsbG93IHVzZXIgc3VwcGxpZWQgdXNlcmRhdGEgY29kZQplY2hvIGZvbyBiYXIK",
            "vpc_classic_link_id": "",
            "vpc_classic_link_security_groups": []
          },
          "sensitive_attributes": [],
          "private": "bnVsbA==",
          "dependencies": [
            "aws_security_group.worker_group_mgmt_two",
            "data.aws_availability_zones.available",
            "module.eks.aws_cloudwatch_log_group.this",
            "module.eks.aws_eks_cluster.this",
            "module.eks.aws_iam_instance_profile.workers",
            "module.eks.aws_iam_role.cluster",
            "module.eks.aws_iam_role.workers",
            "module.eks.aws_iam_role_policy_attachment.cluster_AmazonEKSClusterPolicy",
            "aws_security_group.worker_group_mgmt_one",
            "module.eks.aws_iam_role_policy_attachment.cluster_AmazonEKSServicePolicy",
            "module.eks.aws_iam_role_policy_attachment.cluster_AmazonEKSVPCResourceControllerPolicy",
            "module.eks.aws_iam_role_policy_attachment.workers_AmazonEC2ContainerRegistryReadOnly",
            "module.eks.aws_iam_role_policy_attachment.workers_AmazonEKSWorkerNodePolicy",
            "module.eks.aws_iam_role_policy_attachment.workers_AmazonEKS_CNI_Policy",
            "module.eks.aws_iam_role_policy_attachment.workers_additional_policies",
            "module.eks.aws_security_group.workers",
            "module.eks.aws_security_group_rule.cluster_egress_internet",
            "module.eks.aws_security_group.workers",
            "module.eks.aws_security_group_rule.cluster_https_worker_ingress",
            "module.eks.aws_security_group_rule.cluster_primary_ingress_workers",
            "module.eks.aws_security_group_rule.workers_egress_internet",
            "module.eks.aws_security_group_rule.workers_ingress_cluster",
            "module.eks.aws_security_group_rule.workers_ingress_cluster_https",
            "module.eks.aws_security_group_rule.workers_ingress_cluster_kubelet",
            "module.eks.aws_security_group_rule.workers_ingress_cluster_primary",
            "module.eks.aws_security_group_rule.workers_ingress_self",
            "module.eks.data.aws_ami.eks_worker",
            "module.eks.data.aws_ami.eks_worker_windows",
            "module.eks.data.aws_iam_instance_profile.custom_worker_group_iam_instance_profile",
            "module.eks.data.aws_iam_policy_document.cluster_assume_role_policy",
            "module.eks.data.aws_iam_policy_document.workers_assume_role_policy",
            "module.eks.data.aws_iam_role.custom_cluster_iam_role",
            "module.eks.data.aws_partition.current",
            "module.vpc.aws_subnet.private",
            "module.vpc.aws_vpc.this",
            "module.vpc.aws_vpc_ipv4_cidr_block_association.this",
            "random_string.suffix"
          ],
          "create_before_destroy": true
        },
        {
          "index_key": 1,
          "schema_version": 0,
          "attributes": {
            "arn": "arn:aws:autoscaling:eu-west-1:935819310842:launchConfiguration:ece365a1-6731-47b7-b720-94463a101f66:launchConfigurationName/eks-PfAufQKz-worker-group-220210724112238762100000001",
            "associate_public_ip_address": false,
            "ebs_block_device": [],
            "ebs_optimized": false,
            "enable_monitoring": true,
            "ephemeral_block_device": [],
            "iam_instance_profile": "eks-PfAufQKz20210723213023311700000008",
            "id": "eks-PfAufQKz-worker-group-220210724112238762100000001",
            "image_id": "ami-031de2a4db6a7880f",
            "instance_type": "t2.medium",
            "key_name": "",
            "metadata_options": [
              {
                "http_endpoint": "enabled",
                "http_put_response_hop_limit": 1,
                "http_tokens": "optional"
              }
            ],
            "name": "eks-PfAufQKz-worker-group-220210724112238762100000001",
            "name_prefix": "eks-PfAufQKz-worker-group-2",
            "placement_tenancy": "",
            "root_block_device": [
              {
                "delete_on_termination": true,
                "encrypted": false,
                "iops": 0,
                "throughput": 0,
                "volume_size": 100,
                "volume_type": "gp2"
              }
            ],
            "security_groups": [
              "sg-0b173d212605f721a",
              "sg-0d7f3b5a94d5bfcea"
            ],
            "spot_price": "",
            "user_data": null,
            "user_data_base64": "IyEvYmluL2Jhc2ggLWUKCiMgQWxsb3cgdXNlciBzdXBwbGllZCBwcmUgdXNlcmRhdGEgY29kZQoKCiMgQm9vdHN0cmFwIGFuZCBqb2luIHRoZSBjbHVzdGVyCi9ldGMvZWtzL2Jvb3RzdHJhcC5zaCAtLWI2NC1jbHVzdGVyLWNhICdMUzB0TFMxQ1JVZEpUaUJEUlZKVVNVWkpRMEZVUlMwdExTMHRDazFKU1VNMWVrTkRRV01yWjBGM1NVSkJaMGxDUVVSQlRrSm5hM0ZvYTJsSE9YY3dRa0ZSYzBaQlJFRldUVkpOZDBWUldVUldVVkZFUlhkd2NtUlhTbXdLWTIwMWJHUkhWbnBOUWpSWVJGUkplRTFFWTNsTmVrbDRUV3BWZDA5R2IxaEVWRTE0VFVSamVVMVVTWGhOYWxWM1QwWnZkMFpVUlZSTlFrVkhRVEZWUlFwQmVFMUxZVE5XYVZwWVNuVmFXRkpzWTNwRFEwRlRTWGRFVVZsS1MyOWFTV2gyWTA1QlVVVkNRbEZCUkdkblJWQkJSRU5EUVZGdlEyZG5SVUpCVEd0cUNrWm1iSGwwTjJZeE5VSjFVSFF4VEhWelVGbEtNVGhCTjB4NVR6TjBPWFpuVVM5VGFWQkpLMVkzT0ZsT1VFUmtiMjVvTmtwa04xSmlUazh4Y1hrMVNHZ0tjRlpqZVVWNVZWSkxWMFl5WVdaS09VWjRUVmd4UWpsTk15dFFkMmxZYUZoaU5YZEZlVWc1UW1GMVQzWmhORlJDTm1ZdmR6SlNaM2RaZDFCc2FtOUxXUXBzUkRKWFVIWlVWRmhVUjNaR05HVllOMkYyU2k4dk9UWkpiVGhLYlUxdFoxaFJaVEV4VkdoclpqWjZNMk51UWpKelJrb3pZakJCVlZGR2F6VXphVWh6Q2t0aUszSldja3BrZGtwTGRWTTRXREpGYVVSRFkwZ3haRmhaTjIxMVNrdHNaazVoVWt0WE16UTVTM2N3ZGpGWWRFVkphbTQyYWtWblZrSmlNakV3TkVzS01reHZLMGN2YkRNclNuWlBWRnA2UzNSQ2FVNUhNV3N4Wm5KeVRFdGhSazluVEhOeE5IWk5OVE5HUVhrNVdYcGFXbXRyUzFwc2ExTnBNVVJEUVhacVJRcFVWMVppVHpaemFqbGhNUzlWTDI5U1dIcHJRMEYzUlVGQllVNURUVVZCZDBSbldVUldVakJRUVZGSUwwSkJVVVJCWjB0clRVRTRSMEV4VldSRmQwVkNDaTkzVVVaTlFVMUNRV1k0ZDBoUldVUldVakJQUWtKWlJVWkJVSE53UzJrMFZrRnpVVmxyVTNCTmJtVkRiMjluVjJaVGFHZE5RVEJIUTFOeFIxTkpZak1LUkZGRlFrTjNWVUZCTkVsQ1FWRkNhMEpTVVc5T2VXSjFNMlpwV2xSeFFXRlZlRU41ZUZwTlltRXhLMkpoUW01TVdWZHFXWFU1YVVOVk1HRTFabmx6WlFwbVJIaFRZbnBaYWtodFkySm1WMWR2ZEZWMmEwNHdjRFpFYVhCUlJFNHZRa05DWWxsMVNreGFiSEJ6ZUdSUkwySnBVRTVVU20xd1IybHZiVXRQVTBOMUNtMUdUek5VWVdWWFRUbDBTbVJFTm5Od1JIRk9iREJvZVdJeFRURmlla1ZzZEZGcVl5dDBiMk5vU1VwVk9GSkpZM0F3Y21jeE9VaFFiVGRvYzNGQ1ZEZ0tiMWhyVTBzd1ptaE1lVmxuYUM5WmFXc3pUbVVyVlc4MGNVNDVhelY1VkUxMWFXSnBPVkpaVmt4WVNYUlRjbE01U1dOSGVXdFZWMHQyVDNOaGNXNXZaQXA0Wld4dWIydFRZMlI2UmxoMVoydEdjRGRUZG5wRGF6SjBlVE5EYVRWM2NXaG9UME5aV1hWQ1dFNDVSVEJVVVRKUFdVaHBNRzhyVkhVdk9YcHdlVmM0Q2xSdFUyaHJTMlpMVWs5d1FrVmtSbTk1VjNaSVEyVlVjM2RtTTJ4NVNuRmxhMHhNWmdvdExTMHRMVVZPUkNCRFJWSlVTVVpKUTBGVVJTMHRMUzB0Q2c9PScgLS1hcGlzZXJ2ZXItZW5kcG9pbnQgJ2h0dHBzOi8vODNFRjAwODRDRTJGM0MxN0ZDNENGNkEyODBBNzhCNUMuc2sxLmV1LXdlc3QtMS5la3MuYW1hem9uYXdzLmNvbScgIC0ta3ViZWxldC1leHRyYS1hcmdzICIiICdla3MtUGZBdWZRS3onCgojIEFsbG93IHVzZXIgc3VwcGxpZWQgdXNlcmRhdGEgY29kZQplY2hvIGZvbyBiYXIK",
            "vpc_classic_link_id": "",
            "vpc_classic_link_security_groups": []
          },
          "sensitive_attributes": [],
          "private": "bnVsbA==",
          "dependencies": [
            "aws_security_group.worker_group_mgmt_two",
            "data.aws_availability_zones.available",
            "module.eks.aws_cloudwatch_log_group.this",
            "module.eks.aws_eks_cluster.this",
            "module.eks.aws_iam_instance_profile.workers",
            "module.eks.aws_iam_role.cluster",
            "module.eks.aws_iam_role.workers",
            "module.eks.aws_iam_role_policy_attachment.cluster_AmazonEKSClusterPolicy",
            "aws_security_group.worker_group_mgmt_one",
            "module.eks.aws_iam_role_policy_attachment.cluster_AmazonEKSServicePolicy",
            "module.eks.aws_iam_role_policy_attachment.cluster_AmazonEKSVPCResourceControllerPolicy",
            "module.eks.aws_iam_role_policy_attachment.workers_AmazonEC2ContainerRegistryReadOnly",
            "module.eks.aws_iam_role_policy_attachment.workers_AmazonEKSWorkerNodePolicy",
            "module.eks.aws_iam_role_policy_attachment.workers_AmazonEKS_CNI_Policy",
            "module.eks.aws_iam_role_policy_attachment.workers_additional_policies",
            "module.eks.aws_security_group.workers",
            "module.eks.aws_security_group_rule.cluster_egress_internet",
            "module.eks.aws_security_group.workers",
            "module.eks.aws_security_group_rule.cluster_https_worker_ingress",
            "module.eks.aws_security_group_rule.cluster_primary_ingress_workers",
            "module.eks.aws_security_group_rule.workers_egress_internet",
            "module.eks.aws_security_group_rule.workers_ingress_cluster",
            "module.eks.aws_security_group_rule.workers_ingress_cluster_https",
            "module.eks.aws_security_group_rule.workers_ingress_cluster_kubelet",
            "module.eks.aws_security_group_rule.workers_ingress_cluster_primary",
            "module.eks.aws_security_group_rule.workers_ingress_self",
            "module.eks.data.aws_ami.eks_worker",
            "module.eks.data.aws_ami.eks_worker_windows",
            "module.eks.data.aws_iam_instance_profile.custom_worker_group_iam_instance_profile",
            "module.eks.data.aws_iam_policy_document.cluster_assume_role_policy",
            "module.eks.data.aws_iam_policy_document.workers_assume_role_policy",
            "module.eks.data.aws_iam_role.custom_cluster_iam_role",
            "module.eks.data.aws_partition.current",
            "module.vpc.aws_subnet.private",
            "module.vpc.aws_vpc.this",
            "module.vpc.aws_vpc_ipv4_cidr_block_association.this",
            "random_string.suffix"
          ],
          "create_before_destroy": true
        }
      ]
    },
    {
      "module": "module.eks",
      "mode": "managed",
      "type": "aws_security_group",
      "name": "cluster",
      "provider": "provider[\"registry.terraform.io/hashicorp/aws\"]",
      "instances": [
        {
          "index_key": 0,
          "schema_version": 1,
          "attributes": {
            "arn": "arn:aws:ec2:eu-west-1:935819310842:security-group/sg-063ef015b30b5a1fb",
            "description": "EKS cluster security group.",
            "egress": [
              {
                "cidr_blocks": [
                  "0.0.0.0/0"
                ],
                "description": "Allow cluster egress access to the Internet.",
                "from_port": 0,
                "ipv6_cidr_blocks": [],
                "prefix_list_ids": [],
                "protocol": "-1",
                "security_groups": [],
                "self": false,
                "to_port": 0
              }
            ],
            "id": "sg-063ef015b30b5a1fb",
            "ingress": [
              {
                "cidr_blocks": [],
                "description": "Allow pods to communicate with the EKS cluster API.",
                "from_port": 443,
                "ipv6_cidr_blocks": [],
                "prefix_list_ids": [],
                "protocol": "tcp",
                "security_groups": [
                  "sg-0d7f3b5a94d5bfcea"
                ],
                "self": false,
                "to_port": 443
              }
            ],
            "name": "eks-PfAufQKz20210723211829139100000005",
            "name_prefix": "eks-PfAufQKz",
            "owner_id": "935819310842",
            "revoke_rules_on_delete": false,
            "tags": {
              "Environment": "training",
              "GithubOrg": "terraform-aws-modules",
              "GithubRepo": "terraform-aws-eks",
              "Name": "eks-PfAufQKz-eks_cluster_sg"
            },
            "tags_all": {
              "Environment": "training",
              "GithubOrg": "terraform-aws-modules",
              "GithubRepo": "terraform-aws-eks",
              "Name": "eks-PfAufQKz-eks_cluster_sg"
            },
            "timeouts": null,
            "vpc_id": "vpc-0dda482ede19ecfb4"
          },
          "sensitive_attributes": [],
          "private": "eyJlMmJmYjczMC1lY2FhLTExZTYtOGY4OC0zNDM2M2JjN2M0YzAiOnsiY3JlYXRlIjo2MDAwMDAwMDAwMDAsImRlbGV0ZSI6OTAwMDAwMDAwMDAwfSwic2NoZW1hX3ZlcnNpb24iOiIxIn0=",
          "dependencies": [
            "module.vpc.aws_vpc.this",
            "random_string.suffix"
          ],
          "create_before_destroy": true
        }
      ]
    },
    {
      "module": "module.eks",
      "mode": "managed",
      "type": "aws_security_group",
      "name": "workers",
      "provider": "provider[\"registry.terraform.io/hashicorp/aws\"]",
      "instances": [
        {
          "index_key": 0,
          "schema_version": 1,
          "attributes": {
            "arn": "arn:aws:ec2:eu-west-1:935819310842:security-group/sg-0d7f3b5a94d5bfcea",
            "description": "Security group for all nodes in the cluster.",
            "egress": [
              {
                "cidr_blocks": [
                  "0.0.0.0/0"
                ],
                "description": "Allow nodes all egress to the Internet.",
                "from_port": 0,
                "ipv6_cidr_blocks": [],
                "prefix_list_ids": [],
                "protocol": "-1",
                "security_groups": [],
                "self": false,
                "to_port": 0
              }
            ],
            "id": "sg-0d7f3b5a94d5bfcea",
            "ingress": [
              {
                "cidr_blocks": [],
                "description": "Allow node to communicate with each other.",
                "from_port": 0,
                "ipv6_cidr_blocks": [],
                "prefix_list_ids": [],
                "protocol": "-1",
                "security_groups": [],
                "self": true,
                "to_port": 0
              },
              {
                "cidr_blocks": [],
                "description": "Allow pods running extension API servers on port 443 to receive communication from cluster control plane.",
                "from_port": 443,
                "ipv6_cidr_blocks": [],
                "prefix_list_ids": [],
                "protocol": "tcp",
                "security_groups": [
                  "sg-063ef015b30b5a1fb"
                ],
                "self": false,
                "to_port": 443
              },
              {
                "cidr_blocks": [],
                "description": "Allow workers pods to receive communication from the cluster control plane.",
                "from_port": 1025,
                "ipv6_cidr_blocks": [],
                "prefix_list_ids": [],
                "protocol": "tcp",
                "security_groups": [
                  "sg-063ef015b30b5a1fb"
                ],
                "self": false,
                "to_port": 65535
              }
            ],
            "name": "eks-PfAufQKz20210723211829139100000004",
            "name_prefix": "eks-PfAufQKz",
            "owner_id": "935819310842",
            "revoke_rules_on_delete": false,
            "tags": {
              "Environment": "training",
              "GithubOrg": "terraform-aws-modules",
              "GithubRepo": "terraform-aws-eks",
              "Name": "eks-PfAufQKz-eks_worker_sg",
              "kubernetes.io/cluster/eks-PfAufQKz": "owned"
            },
            "tags_all": {
              "Environment": "training",
              "GithubOrg": "terraform-aws-modules",
              "GithubRepo": "terraform-aws-eks",
              "Name": "eks-PfAufQKz-eks_worker_sg",
              "kubernetes.io/cluster/eks-PfAufQKz": "owned"
            },
            "timeouts": null,
            "vpc_id": "vpc-0dda482ede19ecfb4"
          },
          "sensitive_attributes": [],
          "private": "eyJlMmJmYjczMC1lY2FhLTExZTYtOGY4OC0zNDM2M2JjN2M0YzAiOnsiY3JlYXRlIjo2MDAwMDAwMDAwMDAsImRlbGV0ZSI6OTAwMDAwMDAwMDAwfSwic2NoZW1hX3ZlcnNpb24iOiIxIn0=",
          "dependencies": [
            "module.vpc.aws_vpc.this",
            "random_string.suffix"
          ],
          "create_before_destroy": true
        }
      ]
    },
    {
      "module": "module.eks",
      "mode": "managed",
      "type": "aws_security_group_rule",
      "name": "cluster_egress_internet",
      "provider": "provider[\"registry.terraform.io/hashicorp/aws\"]",
      "instances": [
        {
          "index_key": 0,
          "schema_version": 2,
          "attributes": {
            "cidr_blocks": [
              "0.0.0.0/0"
            ],
            "description": "Allow cluster egress access to the Internet.",
            "from_port": 0,
            "id": "sgrule-3332322514",
            "ipv6_cidr_blocks": [],
            "prefix_list_ids": [],
            "protocol": "-1",
            "security_group_id": "sg-063ef015b30b5a1fb",
            "self": false,
            "source_security_group_id": null,
            "to_port": 0,
            "type": "egress"
          },
          "sensitive_attributes": [],
          "private": "eyJzY2hlbWFfdmVyc2lvbiI6IjIifQ==",
          "dependencies": [
            "module.eks.aws_security_group.cluster",
            "module.vpc.aws_vpc.this",
            "random_string.suffix"
          ],
          "create_before_destroy": true
        }
      ]
    },
    {
      "module": "module.eks",
      "mode": "managed",
      "type": "aws_security_group_rule",
      "name": "cluster_https_worker_ingress",
      "provider": "provider[\"registry.terraform.io/hashicorp/aws\"]",
      "instances": [
        {
          "index_key": 0,
          "schema_version": 2,
          "attributes": {
            "cidr_blocks": [],
            "description": "Allow pods to communicate with the EKS cluster API.",
            "from_port": 443,
            "id": "sgrule-3420317278",
            "ipv6_cidr_blocks": [],
            "prefix_list_ids": [],
            "protocol": "tcp",
            "security_group_id": "sg-063ef015b30b5a1fb",
            "self": false,
            "source_security_group_id": "sg-0d7f3b5a94d5bfcea",
            "to_port": 443,
            "type": "ingress"
          },
          "sensitive_attributes": [],
          "private": "eyJzY2hlbWFfdmVyc2lvbiI6IjIifQ==",
          "dependencies": [
            "module.vpc.aws_vpc.this",
            "random_string.suffix",
            "module.eks.aws_security_group.cluster",
            "module.eks.aws_security_group.workers"
          ],
          "create_before_destroy": true
        }
      ]
    },
    {
      "module": "module.eks",
      "mode": "managed",
      "type": "aws_security_group_rule",
      "name": "workers_egress_internet",
      "provider": "provider[\"registry.terraform.io/hashicorp/aws\"]",
      "instances": [
        {
          "index_key": 0,
          "schema_version": 2,
          "attributes": {
            "cidr_blocks": [
              "0.0.0.0/0"
            ],
            "description": "Allow nodes all egress to the Internet.",
            "from_port": 0,
            "id": "sgrule-1512353450",
            "ipv6_cidr_blocks": [],
            "prefix_list_ids": [],
            "protocol": "-1",
            "security_group_id": "sg-0d7f3b5a94d5bfcea",
            "self": false,
            "source_security_group_id": null,
            "to_port": 0,
            "type": "egress"
          },
          "sensitive_attributes": [],
          "private": "eyJzY2hlbWFfdmVyc2lvbiI6IjIifQ==",
          "dependencies": [
            "module.eks.aws_security_group.workers",
            "module.vpc.aws_vpc.this",
            "random_string.suffix"
          ],
          "create_before_destroy": true
        }
      ]
    },
    {
      "module": "module.eks",
      "mode": "managed",
      "type": "aws_security_group_rule",
      "name": "workers_ingress_cluster",
      "provider": "provider[\"registry.terraform.io/hashicorp/aws\"]",
      "instances": [
        {
          "index_key": 0,
          "schema_version": 2,
          "attributes": {
            "cidr_blocks": [],
            "description": "Allow workers pods to receive communication from the cluster control plane.",
            "from_port": 1025,
            "id": "sgrule-758223419",
            "ipv6_cidr_blocks": [],
            "prefix_list_ids": [],
            "protocol": "tcp",
            "security_group_id": "sg-0d7f3b5a94d5bfcea",
            "self": false,
            "source_security_group_id": "sg-063ef015b30b5a1fb",
            "to_port": 65535,
            "type": "ingress"
          },
          "sensitive_attributes": [],
          "private": "eyJzY2hlbWFfdmVyc2lvbiI6IjIifQ==",
          "dependencies": [
            "random_string.suffix",
            "module.eks.aws_security_group.cluster",
            "module.eks.aws_security_group.workers",
            "module.vpc.aws_vpc.this"
          ],
          "create_before_destroy": true
        }
      ]
    },
    {
      "module": "module.eks",
      "mode": "managed",
      "type": "aws_security_group_rule",
      "name": "workers_ingress_cluster_https",
      "provider": "provider[\"registry.terraform.io/hashicorp/aws\"]",
      "instances": [
        {
          "index_key": 0,
          "schema_version": 2,
          "attributes": {
            "cidr_blocks": [],
            "description": "Allow pods running extension API servers on port 443 to receive communication from cluster control plane.",
            "from_port": 443,
            "id": "sgrule-3291882643",
            "ipv6_cidr_blocks": [],
            "prefix_list_ids": [],
            "protocol": "tcp",
            "security_group_id": "sg-0d7f3b5a94d5bfcea",
            "self": false,
            "source_security_group_id": "sg-063ef015b30b5a1fb",
            "to_port": 443,
            "type": "ingress"
          },
          "sensitive_attributes": [],
          "private": "eyJzY2hlbWFfdmVyc2lvbiI6IjIifQ==",
          "dependencies": [
            "module.eks.aws_security_group.cluster",
            "module.eks.aws_security_group.workers",
            "module.vpc.aws_vpc.this",
            "random_string.suffix"
          ],
          "create_before_destroy": true
        }
      ]
    },
    {
      "module": "module.eks",
      "mode": "managed",
      "type": "aws_security_group_rule",
      "name": "workers_ingress_self",
      "provider": "provider[\"registry.terraform.io/hashicorp/aws\"]",
      "instances": [
        {
          "index_key": 0,
          "schema_version": 2,
          "attributes": {
            "cidr_blocks": [],
            "description": "Allow node to communicate with each other.",
            "from_port": 0,
            "id": "sgrule-1897076599",
            "ipv6_cidr_blocks": [],
            "prefix_list_ids": [],
            "protocol": "-1",
            "security_group_id": "sg-0d7f3b5a94d5bfcea",
            "self": false,
            "source_security_group_id": "sg-0d7f3b5a94d5bfcea",
            "to_port": 0,
            "type": "ingress"
          },
          "sensitive_attributes": [],
          "private": "eyJzY2hlbWFfdmVyc2lvbiI6IjIifQ==",
          "dependencies": [
            "module.eks.aws_security_group.workers",
            "module.vpc.aws_vpc.this",
            "random_string.suffix"
          ],
          "create_before_destroy": true
        }
      ]
    },
    {
      "module": "module.eks",
      "mode": "managed",
      "type": "kubernetes_config_map",
      "name": "aws_auth",
      "provider": "provider[\"registry.terraform.io/hashicorp/kubernetes\"]",
      "instances": [
        {
          "index_key": 0,
          "schema_version": 0,
          "attributes": {
            "binary_data": {},
            "data": {
              "mapAccounts": "[]\n",
              "mapRoles": "- \"groups\":\n  - \"system:bootstrappers\"\n  - \"system:nodes\"\n  \"rolearn\": \"arn:aws:iam::935819310842:role/eks-PfAufQKz20210723213001170400000006\"\n  \"username\": \"system:node:{{EC2PrivateDNSName}}\"\n",
              "mapUsers": "[]\n"
            },
            "id": "kube-system/aws-auth",
            "metadata": [
              {
                "annotations": {},
                "generate_name": "",
                "generation": 0,
                "labels": {
                  "app.kubernetes.io/managed-by": "Terraform",
                  "terraform.io/module": "terraform-aws-modules.eks.aws"
                },
                "name": "aws-auth",
                "namespace": "kube-system",
                "resource_version": "755",
                "uid": "ce954eef-e199-4ea5-b347-3fa0ece02897"
              }
            ]
          },
          "sensitive_attributes": [],
          "private": "bnVsbA==",
          "dependencies": [
            "data.aws_eks_cluster_auth.cluster",
            "module.eks.aws_security_group.workers",
            "module.eks.aws_security_group_rule.cluster_egress_internet",
            "module.eks.data.aws_ami.eks_worker",
            "module.eks.data.aws_iam_policy_document.cluster_assume_role_policy",
            "module.eks.data.aws_partition.current",
            "module.eks.module.fargate.aws_iam_role.eks_fargate_pod",
            "aws_security_group.worker_group_mgmt_one",
            "module.eks.aws_iam_role.cluster",
            "module.eks.aws_iam_role_policy_attachment.cluster_AmazonEKSClusterPolicy",
            "module.eks.data.aws_caller_identity.current",
            "random_string.suffix",
            "module.eks.aws_eks_cluster.this",
            "module.eks.aws_iam_role_policy_attachment.cluster_AmazonEKSServicePolicy",
            "module.eks.aws_security_group_rule.cluster_https_worker_ingress",
            "module.eks.data.aws_iam_role.custom_cluster_iam_role",
            "module.eks.data.http.wait_for_cluster",
            "aws_security_group.worker_group_mgmt_two",
            "module.vpc.aws_vpc_ipv4_cidr_block_association.this",
            "module.eks.aws_cloudwatch_log_group.this",
            "module.eks.aws_iam_instance_profile.workers",
            "module.eks.aws_iam_instance_profile.workers_launch_template",
            "module.eks.aws_iam_role.workers",
            "module.eks.aws_security_group_rule.cluster_private_access_cidrs_source",
            "module.eks.data.aws_iam_instance_profile.custom_worker_group_iam_instance_profile",
            "module.vpc.aws_subnet.private",
            "data.aws_eks_cluster.cluster",
            "module.eks.aws_iam_role_policy_attachment.cluster_AmazonEKSVPCResourceControllerPolicy",
            "module.eks.data.aws_iam_instance_profile.custom_worker_group_launch_template_iam_instance_profile",
            "module.eks.data.aws_iam_policy_document.workers_assume_role_policy",
            "module.eks.module.fargate.data.aws_iam_role.custom_fargate_iam_role",
            "module.eks.aws_security_group_rule.cluster_private_access_sg_source",
            "module.eks.data.aws_ami.eks_worker_windows",
            "module.eks.module.fargate.data.aws_iam_policy_document.eks_fargate_pod_assume_role",
            "module.vpc.aws_vpc.this",
            "data.aws_availability_zones.available",
            "module.eks.aws_security_group.cluster"
          ],
          "create_before_destroy": true
        }
      ]
    },
    {
      "module": "module.eks",
      "mode": "managed",
      "type": "local_file",
      "name": "kubeconfig",
      "provider": "provider[\"registry.terraform.io/hashicorp/local\"]",
      "instances": [
        {
          "index_key": 0,
          "schema_version": 0,
          "attributes": {
            "content": "apiVersion: v1\npreferences: {}\nkind: Config\n\nclusters:\n- cluster:\n    server: https://83EF0084CE2F3C17FC4CF6A280A78B5C.sk1.eu-west-1.eks.amazonaws.com\n    certificate-authority-data: LS0tLS1CRUdJTiBDRVJUSUZJQ0FURS0tLS0tCk1JSUM1ekNDQWMrZ0F3SUJBZ0lCQURBTkJna3Foa2lHOXcwQkFRc0ZBREFWTVJNd0VRWURWUVFERXdwcmRXSmwKY201bGRHVnpNQjRYRFRJeE1EY3lNekl4TWpVd09Gb1hEVE14TURjeU1USXhNalV3T0Zvd0ZURVRNQkVHQTFVRQpBeE1LYTNWaVpYSnVaWFJsY3pDQ0FTSXdEUVlKS29aSWh2Y05BUUVCQlFBRGdnRVBBRENDQVFvQ2dnRUJBTGtqCkZmbHl0N2YxNUJ1UHQxTHVzUFlKMThBN0x5TzN0OXZnUS9TaVBJK1Y3OFlOUERkb25oNkpkN1JiTk8xcXk1SGgKcFZjeUV5VVJLV0YyYWZKOUZ4TVgxQjlNMytQd2lYaFhiNXdFeUg5QmF1T3ZhNFRCNmYvdzJSZ3dZd1Bsam9LWQpsRDJXUHZUVFhUR3ZGNGVYN2F2Si8vOTZJbThKbU1tZ1hRZTExVGhrZjZ6M2NuQjJzRkozYjBBVVFGazUzaUhzCktiK3JWckpkdkpLdVM4WDJFaURDY0gxZFhZN211SktsZk5hUktXMzQ5S3cwdjFYdEVJam42akVnVkJiMjEwNEsKMkxvK0cvbDMrSnZPVFp6S3RCaU5HMWsxZnJyTEthRk9nTHNxNHZNNTNGQXk5WXpaWmtrS1psa1NpMURDQXZqRQpUV1ZiTzZzajlhMS9VL29SWHprQ0F3RUFBYU5DTUVBd0RnWURWUjBQQVFIL0JBUURBZ0trTUE4R0ExVWRFd0VCCi93UUZNQU1CQWY4d0hRWURWUjBPQkJZRUZBUHNwS2k0VkFzUVlrU3BNbmVDb29nV2ZTaGdNQTBHQ1NxR1NJYjMKRFFFQkN3VUFBNElCQVFCa0JSUW9OeWJ1M2ZpWlRxQWFVeEN5eFpNYmExK2JhQm5MWVdqWXU5aUNVMGE1ZnlzZQpmRHhTYnpZakhtY2JmV1dvdFV2a04wcDZEaXBRRE4vQkNCYll1SkxabHBzeGRRL2JpUE5USm1wR2lvbUtPU0N1Cm1GTzNUYWVXTTl0SmRENnNwRHFObDBoeWIxTTFiekVsdFFqYyt0b2NoSUpVOFJJY3AwcmcxOUhQbTdoc3FCVDgKb1hrU0swZmhMeVlnaC9ZaWszTmUrVW80cU45azV5VE11aWJpOVJZVkxYSXRTclM5SWNHeWtVV0t2T3NhcW5vZAp4ZWxub2tTY2R6Rlh1Z2tGcDdTdnpDazJ0eTNDaTV3cWhoT0NZWXVCWE45RTBUUTJPWUhpMG8rVHUvOXpweVc4ClRtU2hrS2ZLUk9wQkVkRm95V3ZIQ2VUc3dmM2x5SnFla0xMZgotLS0tLUVORCBDRVJUSUZJQ0FURS0tLS0tCg==\n  name: eks_eks-PfAufQKz\n\ncontexts:\n- context:\n    cluster: eks_eks-PfAufQKz\n    user: eks_eks-PfAufQKz\n  name: eks_eks-PfAufQKz\n\ncurrent-context: eks_eks-PfAufQKz\n\nusers:\n- name: eks_eks-PfAufQKz\n  user:\n    exec:\n      apiVersion: client.authentication.k8s.io/v1alpha1\n      command: aws-iam-authenticator\n      args:\n        - \"token\"\n        - \"-i\"\n        - \"eks-PfAufQKz\"\n",
            "content_base64": null,
            "directory_permission": "0755",
            "file_permission": "0600",
            "filename": "./kubeconfig_eks-PfAufQKz",
            "id": "d1c60f7ca59c9934279ef7392105b3e67bc06213",
            "sensitive_content": null,
            "source": null
          },
          "sensitive_attributes": [],
          "private": "bnVsbA==",
          "dependencies": [
            "module.vpc.aws_subnet.private",
            "module.eks.aws_cloudwatch_log_group.this",
            "module.eks.aws_security_group.cluster",
            "module.eks.data.aws_iam_role.custom_cluster_iam_role",
            "module.eks.data.aws_partition.current",
            "module.eks.aws_security_group.workers",
            "module.eks.aws_iam_role.cluster",
            "module.eks.aws_iam_role_policy_attachment.cluster_AmazonEKSClusterPolicy",
            "module.eks.aws_security_group_rule.cluster_egress_internet",
            "module.vpc.aws_vpc_ipv4_cidr_block_association.this",
            "module.eks.aws_security_group_rule.cluster_https_worker_ingress",
            "module.eks.data.aws_iam_policy_document.cluster_assume_role_policy",
            "module.vpc.aws_vpc.this",
            "random_string.suffix",
            "data.aws_availability_zones.available",
            "module.eks.aws_eks_cluster.this",
            "module.eks.aws_iam_role_policy_attachment.cluster_AmazonEKSServicePolicy",
            "module.eks.aws_iam_role_policy_attachment.cluster_AmazonEKSVPCResourceControllerPolicy"
          ]
        }
      ]
    },
    {
      "module": "module.vpc",
      "mode": "managed",
      "type": "aws_eip",
      "name": "nat",
      "provider": "provider[\"registry.terraform.io/hashicorp/aws\"]",
      "instances": [
        {
          "index_key": 0,
          "schema_version": 0,
          "attributes": {
            "address": null,
            "allocation_id": null,
            "associate_with_private_ip": null,
            "association_id": "eipassoc-0047ccb10eff525b3",
            "carrier_ip": "",
            "customer_owned_ip": "",
            "customer_owned_ipv4_pool": "",
            "domain": "vpc",
            "id": "eipalloc-05b769e37f6603dd8",
            "instance": "",
            "network_border_group": "eu-west-1",
            "network_interface": "eni-03714b1d7a66959ac",
            "private_dns": "ip-10-0-4-133.eu-west-1.compute.internal",
            "private_ip": "10.0.4.133",
            "public_dns": "ec2-52-18-95-122.eu-west-1.compute.amazonaws.com",
            "public_ip": "52.18.95.122",
            "public_ipv4_pool": "amazon",
            "tags": {
              "Name": "eks-vpc-eu-west-1a",
              "kubernetes.io/cluster/eks-PfAufQKz": "shared"
            },
            "tags_all": {
              "Name": "eks-vpc-eu-west-1a",
              "kubernetes.io/cluster/eks-PfAufQKz": "shared"
            },
            "timeouts": null,
            "vpc": true
          },
          "sensitive_attributes": [],
          "private": "eyJlMmJmYjczMC1lY2FhLTExZTYtOGY4OC0zNDM2M2JjN2M0YzAiOnsiZGVsZXRlIjoxODAwMDAwMDAwMDAsInJlYWQiOjkwMDAwMDAwMDAwMCwidXBkYXRlIjozMDAwMDAwMDAwMDB9fQ==",
          "dependencies": [
            "data.aws_availability_zones.available",
            "random_string.suffix"
          ]
        }
      ]
    },
    {
      "module": "module.vpc",
      "mode": "managed",
      "type": "aws_internet_gateway",
      "name": "this",
      "provider": "provider[\"registry.terraform.io/hashicorp/aws\"]",
      "instances": [
        {
          "index_key": 0,
          "schema_version": 0,
          "attributes": {
            "arn": "arn:aws:ec2:eu-west-1:935819310842:internet-gateway/igw-0941b962776e5552d",
            "id": "igw-0941b962776e5552d",
            "owner_id": "935819310842",
            "tags": {
              "Name": "eks-vpc",
              "kubernetes.io/cluster/eks-PfAufQKz": "shared"
            },
            "tags_all": {
              "Name": "eks-vpc",
              "kubernetes.io/cluster/eks-PfAufQKz": "shared"
            },
            "vpc_id": "vpc-0dda482ede19ecfb4"
          },
          "sensitive_attributes": [],
          "private": "bnVsbA==",
          "dependencies": [
            "module.vpc.aws_vpc.this",
            "module.vpc.aws_vpc_ipv4_cidr_block_association.this",
            "random_string.suffix"
          ]
        }
      ]
    },
    {
      "module": "module.vpc",
      "mode": "managed",
      "type": "aws_nat_gateway",
      "name": "this",
      "provider": "provider[\"registry.terraform.io/hashicorp/aws\"]",
      "instances": [
        {
          "index_key": 0,
          "schema_version": 0,
          "attributes": {
            "allocation_id": "eipalloc-05b769e37f6603dd8",
            "connectivity_type": "public",
            "id": "nat-0d90ec15ed2cb21ad",
            "network_interface_id": "eni-03714b1d7a66959ac",
            "private_ip": "10.0.4.133",
            "public_ip": "52.18.95.122",
            "subnet_id": "subnet-0c8eb340633cefd49",
            "tags": {
              "Name": "eks-vpc-eu-west-1a",
              "kubernetes.io/cluster/eks-PfAufQKz": "shared"
            },
            "tags_all": {
              "Name": "eks-vpc-eu-west-1a",
              "kubernetes.io/cluster/eks-PfAufQKz": "shared"
            }
          },
          "sensitive_attributes": [],
          "private": "bnVsbA==",
          "dependencies": [
            "module.vpc.aws_eip.nat",
            "module.vpc.aws_internet_gateway.this",
            "module.vpc.aws_subnet.public",
            "module.vpc.aws_vpc.this",
            "module.vpc.aws_vpc_ipv4_cidr_block_association.this",
            "random_string.suffix",
            "data.aws_availability_zones.available"
          ]
        }
      ]
    },
    {
      "module": "module.vpc",
      "mode": "managed",
      "type": "aws_route",
      "name": "private_nat_gateway",
      "provider": "provider[\"registry.terraform.io/hashicorp/aws\"]",
      "instances": [
        {
          "index_key": 0,
          "schema_version": 0,
          "attributes": {
            "carrier_gateway_id": "",
            "destination_cidr_block": "0.0.0.0/0",
            "destination_ipv6_cidr_block": "",
            "destination_prefix_list_id": "",
            "egress_only_gateway_id": "",
            "gateway_id": "",
            "id": "r-rtb-083f752a2b7ca98201080289494",
            "instance_id": "",
            "instance_owner_id": "",
            "local_gateway_id": "",
            "nat_gateway_id": "nat-0d90ec15ed2cb21ad",
            "network_interface_id": "",
            "origin": "CreateRoute",
            "route_table_id": "rtb-083f752a2b7ca9820",
            "state": "active",
            "timeouts": {
              "create": "5m",
              "delete": null
            },
            "transit_gateway_id": "",
            "vpc_endpoint_id": "",
            "vpc_peering_connection_id": ""
          },
          "sensitive_attributes": [],
          "private": "eyJlMmJmYjczMC1lY2FhLTExZTYtOGY4OC0zNDM2M2JjN2M0YzAiOnsiY3JlYXRlIjozMDAwMDAwMDAwMDAsImRlbGV0ZSI6MzAwMDAwMDAwMDAwfX0=",
          "dependencies": [
            "module.vpc.aws_nat_gateway.this",
            "module.vpc.aws_subnet.public",
            "module.vpc.aws_vpc.this",
            "module.vpc.aws_eip.nat",
            "module.vpc.aws_internet_gateway.this",
            "module.vpc.aws_route_table.private",
            "module.vpc.aws_vpc_ipv4_cidr_block_association.this",
            "random_string.suffix",
            "data.aws_availability_zones.available"
          ]
        }
      ]
    },
    {
      "module": "module.vpc",
      "mode": "managed",
      "type": "aws_route",
      "name": "public_internet_gateway",
      "provider": "provider[\"registry.terraform.io/hashicorp/aws\"]",
      "instances": [
        {
          "index_key": 0,
          "schema_version": 0,
          "attributes": {
            "carrier_gateway_id": "",
            "destination_cidr_block": "0.0.0.0/0",
            "destination_ipv6_cidr_block": "",
            "destination_prefix_list_id": "",
            "egress_only_gateway_id": "",
            "gateway_id": "igw-0941b962776e5552d",
            "id": "r-rtb-0980eb8cc59895bfe1080289494",
            "instance_id": "",
            "instance_owner_id": "",
            "local_gateway_id": "",
            "nat_gateway_id": "",
            "network_interface_id": "",
            "origin": "CreateRoute",
            "route_table_id": "rtb-0980eb8cc59895bfe",
            "state": "active",
            "timeouts": {
              "create": "5m",
              "delete": null
            },
            "transit_gateway_id": "",
            "vpc_endpoint_id": "",
            "vpc_peering_connection_id": ""
          },
          "sensitive_attributes": [],
          "private": "eyJlMmJmYjczMC1lY2FhLTExZTYtOGY4OC0zNDM2M2JjN2M0YzAiOnsiY3JlYXRlIjozMDAwMDAwMDAwMDAsImRlbGV0ZSI6MzAwMDAwMDAwMDAwfX0=",
          "dependencies": [
            "module.vpc.aws_internet_gateway.this",
            "module.vpc.aws_route_table.public",
            "module.vpc.aws_vpc.this",
            "module.vpc.aws_vpc_ipv4_cidr_block_association.this",
            "random_string.suffix"
          ]
        }
      ]
    },
    {
      "module": "module.vpc",
      "mode": "managed",
      "type": "aws_route_table",
      "name": "private",
      "provider": "provider[\"registry.terraform.io/hashicorp/aws\"]",
      "instances": [
        {
          "index_key": 0,
          "schema_version": 0,
          "attributes": {
            "arn": "arn:aws:ec2:eu-west-1:935819310842:route-table/rtb-083f752a2b7ca9820",
            "id": "rtb-083f752a2b7ca9820",
            "owner_id": "935819310842",
            "propagating_vgws": [],
            "route": [
              {
                "carrier_gateway_id": "",
                "cidr_block": "0.0.0.0/0",
                "destination_prefix_list_id": "",
                "egress_only_gateway_id": "",
                "gateway_id": "",
                "instance_id": "",
                "ipv6_cidr_block": "",
                "local_gateway_id": "",
                "nat_gateway_id": "nat-0d90ec15ed2cb21ad",
                "network_interface_id": "",
                "transit_gateway_id": "",
                "vpc_endpoint_id": "",
                "vpc_peering_connection_id": ""
              }
            ],
            "tags": {
              "Name": "eks-vpc-private",
              "kubernetes.io/cluster/eks-PfAufQKz": "shared"
            },
            "tags_all": {
              "Name": "eks-vpc-private",
              "kubernetes.io/cluster/eks-PfAufQKz": "shared"
            },
            "vpc_id": "vpc-0dda482ede19ecfb4"
          },
          "sensitive_attributes": [],
          "private": "bnVsbA==",
          "dependencies": [
            "random_string.suffix",
            "data.aws_availability_zones.available",
            "module.vpc.aws_vpc.this",
            "module.vpc.aws_vpc_ipv4_cidr_block_association.this"
          ]
        }
      ]
    },
    {
      "module": "module.vpc",
      "mode": "managed",
      "type": "aws_route_table",
      "name": "public",
      "provider": "provider[\"registry.terraform.io/hashicorp/aws\"]",
      "instances": [
        {
          "index_key": 0,
          "schema_version": 0,
          "attributes": {
            "arn": "arn:aws:ec2:eu-west-1:935819310842:route-table/rtb-0980eb8cc59895bfe",
            "id": "rtb-0980eb8cc59895bfe",
            "owner_id": "935819310842",
            "propagating_vgws": [],
            "route": [
              {
                "carrier_gateway_id": "",
                "cidr_block": "0.0.0.0/0",
                "destination_prefix_list_id": "",
                "egress_only_gateway_id": "",
                "gateway_id": "igw-0941b962776e5552d",
                "instance_id": "",
                "ipv6_cidr_block": "",
                "local_gateway_id": "",
                "nat_gateway_id": "",
                "network_interface_id": "",
                "transit_gateway_id": "",
                "vpc_endpoint_id": "",
                "vpc_peering_connection_id": ""
              }
            ],
            "tags": {
              "Name": "eks-vpc-public",
              "kubernetes.io/cluster/eks-PfAufQKz": "shared"
            },
            "tags_all": {
              "Name": "eks-vpc-public",
              "kubernetes.io/cluster/eks-PfAufQKz": "shared"
            },
            "vpc_id": "vpc-0dda482ede19ecfb4"
          },
          "sensitive_attributes": [],
          "private": "bnVsbA==",
          "dependencies": [
            "module.vpc.aws_vpc.this",
            "module.vpc.aws_vpc_ipv4_cidr_block_association.this",
            "random_string.suffix"
          ]
        }
      ]
    },
    {
      "module": "module.vpc",
      "mode": "managed",
      "type": "aws_route_table_association",
      "name": "private",
      "provider": "provider[\"registry.terraform.io/hashicorp/aws\"]",
      "instances": [
        {
          "index_key": 0,
          "schema_version": 0,
          "attributes": {
            "gateway_id": "",
            "id": "rtbassoc-0d17ab6f4d6a99954",
            "route_table_id": "rtb-083f752a2b7ca9820",
            "subnet_id": "subnet-04ab249d1e6d3a2b0"
          },
          "sensitive_attributes": [],
          "private": "bnVsbA==",
          "dependencies": [
            "data.aws_availability_zones.available",
            "module.vpc.aws_route_table.private",
            "module.vpc.aws_subnet.private",
            "module.vpc.aws_vpc.this",
            "module.vpc.aws_vpc_ipv4_cidr_block_association.this",
            "random_string.suffix"
          ]
        },
        {
          "index_key": 1,
          "schema_version": 0,
          "attributes": {
            "gateway_id": "",
            "id": "rtbassoc-0ebbfac1ccd22993f",
            "route_table_id": "rtb-083f752a2b7ca9820",
            "subnet_id": "subnet-05d7239077d230354"
          },
          "sensitive_attributes": [],
          "private": "bnVsbA==",
          "dependencies": [
            "module.vpc.aws_subnet.private",
            "module.vpc.aws_vpc.this",
            "module.vpc.aws_vpc_ipv4_cidr_block_association.this",
            "random_string.suffix",
            "data.aws_availability_zones.available",
            "module.vpc.aws_route_table.private"
          ]
        },
        {
          "index_key": 2,
          "schema_version": 0,
          "attributes": {
            "gateway_id": "",
            "id": "rtbassoc-0668047cd7d29e262",
            "route_table_id": "rtb-083f752a2b7ca9820",
            "subnet_id": "subnet-009f9500b6c17c81d"
          },
          "sensitive_attributes": [],
          "private": "bnVsbA==",
          "dependencies": [
            "data.aws_availability_zones.available",
            "module.vpc.aws_route_table.private",
            "module.vpc.aws_subnet.private",
            "module.vpc.aws_vpc.this",
            "module.vpc.aws_vpc_ipv4_cidr_block_association.this",
            "random_string.suffix"
          ]
        }
      ]
    },
    {
      "module": "module.vpc",
      "mode": "managed",
      "type": "aws_route_table_association",
      "name": "public",
      "provider": "provider[\"registry.terraform.io/hashicorp/aws\"]",
      "instances": [
        {
          "index_key": 0,
          "schema_version": 0,
          "attributes": {
            "gateway_id": "",
            "id": "rtbassoc-05e92ddaac69244fd",
            "route_table_id": "rtb-0980eb8cc59895bfe",
            "subnet_id": "subnet-0c8eb340633cefd49"
          },
          "sensitive_attributes": [],
          "private": "bnVsbA==",
          "dependencies": [
            "module.vpc.aws_subnet.public",
            "module.vpc.aws_vpc.this",
            "module.vpc.aws_vpc_ipv4_cidr_block_association.this",
            "random_string.suffix",
            "data.aws_availability_zones.available",
            "module.vpc.aws_route_table.public"
          ]
        },
        {
          "index_key": 1,
          "schema_version": 0,
          "attributes": {
            "gateway_id": "",
            "id": "rtbassoc-0eb5c4e36a6e96e1f",
            "route_table_id": "rtb-0980eb8cc59895bfe",
            "subnet_id": "subnet-0c64b96aaf7d7e760"
          },
          "sensitive_attributes": [],
          "private": "bnVsbA==",
          "dependencies": [
            "data.aws_availability_zones.available",
            "module.vpc.aws_route_table.public",
            "module.vpc.aws_subnet.public",
            "module.vpc.aws_vpc.this",
            "module.vpc.aws_vpc_ipv4_cidr_block_association.this",
            "random_string.suffix"
          ]
        },
        {
          "index_key": 2,
          "schema_version": 0,
          "attributes": {
            "gateway_id": "",
            "id": "rtbassoc-0ccefd1bbd3cd6d53",
            "route_table_id": "rtb-0980eb8cc59895bfe",
            "subnet_id": "subnet-04c86413e6d5b5ec9"
          },
          "sensitive_attributes": [],
          "private": "bnVsbA==",
          "dependencies": [
            "data.aws_availability_zones.available",
            "module.vpc.aws_route_table.public",
            "module.vpc.aws_subnet.public",
            "module.vpc.aws_vpc.this",
            "module.vpc.aws_vpc_ipv4_cidr_block_association.this",
            "random_string.suffix"
          ]
        }
      ]
    },
    {
      "module": "module.vpc",
      "mode": "managed",
      "type": "aws_subnet",
      "name": "private",
      "provider": "provider[\"registry.terraform.io/hashicorp/aws\"]",
      "instances": [
        {
          "index_key": 0,
          "schema_version": 1,
          "attributes": {
            "arn": "arn:aws:ec2:eu-west-1:935819310842:subnet/subnet-04ab249d1e6d3a2b0",
            "assign_ipv6_address_on_creation": false,
            "availability_zone": "eu-west-1a",
            "availability_zone_id": "euw1-az2",
            "cidr_block": "10.0.1.0/24",
            "customer_owned_ipv4_pool": "",
            "id": "subnet-04ab249d1e6d3a2b0",
            "ipv6_cidr_block": "",
            "ipv6_cidr_block_association_id": "",
            "map_customer_owned_ip_on_launch": false,
            "map_public_ip_on_launch": false,
            "outpost_arn": "",
            "owner_id": "935819310842",
            "tags": {
              "Name": "eks-vpc-private-eu-west-1a",
              "kubernetes.io/cluster/eks-PfAufQKz": "shared",
              "kubernetes.io/role/internal-elb": "1"
            },
            "tags_all": {
              "Name": "eks-vpc-private-eu-west-1a",
              "kubernetes.io/cluster/eks-PfAufQKz": "shared",
              "kubernetes.io/role/internal-elb": "1"
            },
            "timeouts": null,
            "vpc_id": "vpc-0dda482ede19ecfb4"
          },
          "sensitive_attributes": [],
          "private": "eyJlMmJmYjczMC1lY2FhLTExZTYtOGY4OC0zNDM2M2JjN2M0YzAiOnsiY3JlYXRlIjo2MDAwMDAwMDAwMDAsImRlbGV0ZSI6MTIwMDAwMDAwMDAwMH0sInNjaGVtYV92ZXJzaW9uIjoiMSJ9",
          "dependencies": [
            "data.aws_availability_zones.available",
            "module.vpc.aws_vpc.this",
            "module.vpc.aws_vpc_ipv4_cidr_block_association.this",
            "random_string.suffix"
          ],
          "create_before_destroy": true
        },
        {
          "index_key": 1,
          "schema_version": 1,
          "attributes": {
            "arn": "arn:aws:ec2:eu-west-1:935819310842:subnet/subnet-05d7239077d230354",
            "assign_ipv6_address_on_creation": false,
            "availability_zone": "eu-west-1b",
            "availability_zone_id": "euw1-az3",
            "cidr_block": "10.0.2.0/24",
            "customer_owned_ipv4_pool": "",
            "id": "subnet-05d7239077d230354",
            "ipv6_cidr_block": "",
            "ipv6_cidr_block_association_id": "",
            "map_customer_owned_ip_on_launch": false,
            "map_public_ip_on_launch": false,
            "outpost_arn": "",
            "owner_id": "935819310842",
            "tags": {
              "Name": "eks-vpc-private-eu-west-1b",
              "kubernetes.io/cluster/eks-PfAufQKz": "shared",
              "kubernetes.io/role/internal-elb": "1"
            },
            "tags_all": {
              "Name": "eks-vpc-private-eu-west-1b",
              "kubernetes.io/cluster/eks-PfAufQKz": "shared",
              "kubernetes.io/role/internal-elb": "1"
            },
            "timeouts": null,
            "vpc_id": "vpc-0dda482ede19ecfb4"
          },
          "sensitive_attributes": [],
          "private": "eyJlMmJmYjczMC1lY2FhLTExZTYtOGY4OC0zNDM2M2JjN2M0YzAiOnsiY3JlYXRlIjo2MDAwMDAwMDAwMDAsImRlbGV0ZSI6MTIwMDAwMDAwMDAwMH0sInNjaGVtYV92ZXJzaW9uIjoiMSJ9",
          "dependencies": [
            "data.aws_availability_zones.available",
            "module.vpc.aws_vpc.this",
            "module.vpc.aws_vpc_ipv4_cidr_block_association.this",
            "random_string.suffix"
          ],
          "create_before_destroy": true
        },
        {
          "index_key": 2,
          "schema_version": 1,
          "attributes": {
            "arn": "arn:aws:ec2:eu-west-1:935819310842:subnet/subnet-009f9500b6c17c81d",
            "assign_ipv6_address_on_creation": false,
            "availability_zone": "eu-west-1c",
            "availability_zone_id": "euw1-az1",
            "cidr_block": "10.0.3.0/24",
            "customer_owned_ipv4_pool": "",
            "id": "subnet-009f9500b6c17c81d",
            "ipv6_cidr_block": "",
            "ipv6_cidr_block_association_id": "",
            "map_customer_owned_ip_on_launch": false,
            "map_public_ip_on_launch": false,
            "outpost_arn": "",
            "owner_id": "935819310842",
            "tags": {
              "Name": "eks-vpc-private-eu-west-1c",
              "kubernetes.io/cluster/eks-PfAufQKz": "shared",
              "kubernetes.io/role/internal-elb": "1"
            },
            "tags_all": {
              "Name": "eks-vpc-private-eu-west-1c",
              "kubernetes.io/cluster/eks-PfAufQKz": "shared",
              "kubernetes.io/role/internal-elb": "1"
            },
            "timeouts": null,
            "vpc_id": "vpc-0dda482ede19ecfb4"
          },
          "sensitive_attributes": [],
          "private": "eyJlMmJmYjczMC1lY2FhLTExZTYtOGY4OC0zNDM2M2JjN2M0YzAiOnsiY3JlYXRlIjo2MDAwMDAwMDAwMDAsImRlbGV0ZSI6MTIwMDAwMDAwMDAwMH0sInNjaGVtYV92ZXJzaW9uIjoiMSJ9",
          "dependencies": [
            "data.aws_availability_zones.available",
            "module.vpc.aws_vpc.this",
            "module.vpc.aws_vpc_ipv4_cidr_block_association.this",
            "random_string.suffix"
          ],
          "create_before_destroy": true
        }
      ]
    },
    {
      "module": "module.vpc",
      "mode": "managed",
      "type": "aws_subnet",
      "name": "public",
      "provider": "provider[\"registry.terraform.io/hashicorp/aws\"]",
      "instances": [
        {
          "index_key": 0,
          "schema_version": 1,
          "attributes": {
            "arn": "arn:aws:ec2:eu-west-1:935819310842:subnet/subnet-0c8eb340633cefd49",
            "assign_ipv6_address_on_creation": false,
            "availability_zone": "eu-west-1a",
            "availability_zone_id": "euw1-az2",
            "cidr_block": "10.0.4.0/24",
            "customer_owned_ipv4_pool": "",
            "id": "subnet-0c8eb340633cefd49",
            "ipv6_cidr_block": "",
            "ipv6_cidr_block_association_id": "",
            "map_customer_owned_ip_on_launch": false,
            "map_public_ip_on_launch": true,
            "outpost_arn": "",
            "owner_id": "935819310842",
            "tags": {
              "Name": "eks-vpc-public-eu-west-1a",
              "kubernetes.io/cluster/eks-PfAufQKz": "shared",
              "kubernetes.io/role/elb": "1"
            },
            "tags_all": {
              "Name": "eks-vpc-public-eu-west-1a",
              "kubernetes.io/cluster/eks-PfAufQKz": "shared",
              "kubernetes.io/role/elb": "1"
            },
            "timeouts": null,
            "vpc_id": "vpc-0dda482ede19ecfb4"
          },
          "sensitive_attributes": [],
          "private": "eyJlMmJmYjczMC1lY2FhLTExZTYtOGY4OC0zNDM2M2JjN2M0YzAiOnsiY3JlYXRlIjo2MDAwMDAwMDAwMDAsImRlbGV0ZSI6MTIwMDAwMDAwMDAwMH0sInNjaGVtYV92ZXJzaW9uIjoiMSJ9",
          "dependencies": [
            "data.aws_availability_zones.available",
            "module.vpc.aws_vpc.this",
            "module.vpc.aws_vpc_ipv4_cidr_block_association.this",
            "random_string.suffix"
          ]
        },
        {
          "index_key": 1,
          "schema_version": 1,
          "attributes": {
            "arn": "arn:aws:ec2:eu-west-1:935819310842:subnet/subnet-0c64b96aaf7d7e760",
            "assign_ipv6_address_on_creation": false,
            "availability_zone": "eu-west-1b",
            "availability_zone_id": "euw1-az3",
            "cidr_block": "10.0.5.0/24",
            "customer_owned_ipv4_pool": "",
            "id": "subnet-0c64b96aaf7d7e760",
            "ipv6_cidr_block": "",
            "ipv6_cidr_block_association_id": "",
            "map_customer_owned_ip_on_launch": false,
            "map_public_ip_on_launch": true,
            "outpost_arn": "",
            "owner_id": "935819310842",
            "tags": {
              "Name": "eks-vpc-public-eu-west-1b",
              "kubernetes.io/cluster/eks-PfAufQKz": "shared",
              "kubernetes.io/role/elb": "1"
            },
            "tags_all": {
              "Name": "eks-vpc-public-eu-west-1b",
              "kubernetes.io/cluster/eks-PfAufQKz": "shared",
              "kubernetes.io/role/elb": "1"
            },
            "timeouts": null,
            "vpc_id": "vpc-0dda482ede19ecfb4"
          },
          "sensitive_attributes": [],
          "private": "eyJlMmJmYjczMC1lY2FhLTExZTYtOGY4OC0zNDM2M2JjN2M0YzAiOnsiY3JlYXRlIjo2MDAwMDAwMDAwMDAsImRlbGV0ZSI6MTIwMDAwMDAwMDAwMH0sInNjaGVtYV92ZXJzaW9uIjoiMSJ9",
          "dependencies": [
            "data.aws_availability_zones.available",
            "module.vpc.aws_vpc.this",
            "module.vpc.aws_vpc_ipv4_cidr_block_association.this",
            "random_string.suffix"
          ]
        },
        {
          "index_key": 2,
          "schema_version": 1,
          "attributes": {
            "arn": "arn:aws:ec2:eu-west-1:935819310842:subnet/subnet-04c86413e6d5b5ec9",
            "assign_ipv6_address_on_creation": false,
            "availability_zone": "eu-west-1c",
            "availability_zone_id": "euw1-az1",
            "cidr_block": "10.0.6.0/24",
            "customer_owned_ipv4_pool": "",
            "id": "subnet-04c86413e6d5b5ec9",
            "ipv6_cidr_block": "",
            "ipv6_cidr_block_association_id": "",
            "map_customer_owned_ip_on_launch": false,
            "map_public_ip_on_launch": true,
            "outpost_arn": "",
            "owner_id": "935819310842",
            "tags": {
              "Name": "eks-vpc-public-eu-west-1c",
              "kubernetes.io/cluster/eks-PfAufQKz": "shared",
              "kubernetes.io/role/elb": "1"
            },
            "tags_all": {
              "Name": "eks-vpc-public-eu-west-1c",
              "kubernetes.io/cluster/eks-PfAufQKz": "shared",
              "kubernetes.io/role/elb": "1"
            },
            "timeouts": null,
            "vpc_id": "vpc-0dda482ede19ecfb4"
          },
          "sensitive_attributes": [],
          "private": "eyJlMmJmYjczMC1lY2FhLTExZTYtOGY4OC0zNDM2M2JjN2M0YzAiOnsiY3JlYXRlIjo2MDAwMDAwMDAwMDAsImRlbGV0ZSI6MTIwMDAwMDAwMDAwMH0sInNjaGVtYV92ZXJzaW9uIjoiMSJ9",
          "dependencies": [
            "module.vpc.aws_vpc_ipv4_cidr_block_association.this",
            "random_string.suffix",
            "data.aws_availability_zones.available",
            "module.vpc.aws_vpc.this"
          ]
        }
      ]
    },
    {
      "module": "module.vpc",
      "mode": "managed",
      "type": "aws_vpc",
      "name": "this",
      "provider": "provider[\"registry.terraform.io/hashicorp/aws\"]",
      "instances": [
        {
          "index_key": 0,
          "schema_version": 1,
          "attributes": {
            "arn": "arn:aws:ec2:eu-west-1:935819310842:vpc/vpc-0dda482ede19ecfb4",
            "assign_generated_ipv6_cidr_block": false,
            "cidr_block": "10.0.0.0/16",
            "default_network_acl_id": "acl-0dfaa9cb184601fe4",
            "default_route_table_id": "rtb-07e60b5cba4b263a1",
            "default_security_group_id": "sg-0ab7254e0b56aae4b",
            "dhcp_options_id": "dopt-6fdd0d08",
            "enable_classiclink": false,
            "enable_classiclink_dns_support": false,
            "enable_dns_hostnames": true,
            "enable_dns_support": true,
            "id": "vpc-0dda482ede19ecfb4",
            "instance_tenancy": "default",
            "ipv6_association_id": "",
            "ipv6_cidr_block": "",
            "main_route_table_id": "rtb-07e60b5cba4b263a1",
            "owner_id": "935819310842",
            "tags": {
              "Name": "eks-vpc",
              "kubernetes.io/cluster/eks-PfAufQKz": "shared"
            },
            "tags_all": {
              "Name": "eks-vpc",
              "kubernetes.io/cluster/eks-PfAufQKz": "shared"
            }
          },
          "sensitive_attributes": [],
          "private": "eyJzY2hlbWFfdmVyc2lvbiI6IjEifQ==",
          "dependencies": [
            "random_string.suffix"
          ],
          "create_before_destroy": true
        }
      ]
    }
  ]
}
